
Microsoft Visual Studio Solution File, Format Version 12.00
# Visual Studio Version 16
VisualStudioVersion = 16.0.30011.22
MinimumVisualStudioVersion = 10.0.40219.1
Project("{2150E333-8FDC-42A3-9474-1A3956D46DE8}") = "Source", "Source", "{169BE730-8C91-4A4D-BB74-46E2FA4ADAC6}"
EndProject
Project("{2150E333-8FDC-42A3-9474-1A3956D46DE8}") = "Tests", "Tests", "{2CDDAA46-B9F4-4965-AA06-57F2457BF785}"
	ProjectSection(SolutionItems) = preProject
		Tests\Glass.Mapper.Config = Tests\Glass.Mapper.Config
		Tests\Glass.Mapper.nunit = Tests\Glass.Mapper.nunit
	EndProjectSection
EndProject
Project("{2150E333-8FDC-42A3-9474-1A3956D46DE8}") = "Unit Tests", "Unit Tests", "{43520702-B92E-4A67-8CE5-1B3246DC9D75}"
EndProject
Project("{2150E333-8FDC-42A3-9474-1A3956D46DE8}") = "Integration Tests", "Integration Tests", "{184BB116-635E-470B-8343-7605D4BA684E}"
EndProject
Project("{2150E333-8FDC-42A3-9474-1A3956D46DE8}") = "Sitecore", "Sitecore", "{21D9A6AB-A672-4F18-8B93-A3AE0B3791AE}"
EndProject
Project("{9A19103F-16F7-4668-BE54-9A1E7A4F7556}") = "Glass.Mapper", "Source\Glass.Mapper\Glass.Mapper.csproj", "{566109ED-A88A-467E-BDDB-BBF7F831A006}"
EndProject
Project("{9A19103F-16F7-4668-BE54-9A1E7A4F7556}") = "Glass.Mapper.Sc", "Source\Glass.Mapper.Sc\Glass.Mapper.Sc.csproj", "{0B8E0B06-46B8-4794-862F-73B391F8B1A1}"
EndProject
Project("{9A19103F-16F7-4668-BE54-9A1E7A4F7556}") = "Glass.Mapper.Tests", "Tests\Unit Tests\Glass.Mapper.Tests\Glass.Mapper.Tests.csproj", "{728CF1A7-0F06-4464-B434-33A982D97C82}"
EndProject
Project("{2150E333-8FDC-42A3-9474-1A3956D46DE8}") = ".nuget", ".nuget", "{0BA8AB6D-CC44-442B-A62A-F5F511623190}"
	ProjectSection(SolutionItems) = preProject
		.nuget\NuGet.Config = .nuget\NuGet.Config
		.nuget\NuGet.exe = .nuget\NuGet.exe
		.nuget\NuGet.targets = .nuget\NuGet.targets
		.nuget\packages.config = .nuget\packages.config
	EndProjectSection
EndProject
Project("{2150E333-8FDC-42A3-9474-1A3956D46DE8}") = "Powershell", "Powershell", "{733749DF-44C8-484B-B5FB-6EDF785BAB83}"
EndProject
Project("{2150E333-8FDC-42A3-9474-1A3956D46DE8}") = "Copyright", "Copyright", "{BB82676E-FB23-497B-9B81-B04DEC16D530}"
	ProjectSection(SolutionItems) = preProject
		Powershell\Copyright\copyright-cs.ps1 = Powershell\Copyright\copyright-cs.ps1
	EndProjectSection
EndProject
Project("{2150E333-8FDC-42A3-9474-1A3956D46DE8}") = "BuildScripts", "BuildScripts", "{47FF9E2D-AB07-494C-8B87-CBA26C7EC451}"
	ProjectSection(SolutionItems) = preProject
		Powershell\BuildScripts\build-debug.proj = Powershell\BuildScripts\build-debug.proj
		Powershell\BuildScripts\build-release.proj = Powershell\BuildScripts\build-release.proj
		Powershell\BuildScripts\Glass.Mapper.symbols.nuspec = Powershell\BuildScripts\Glass.Mapper.symbols.nuspec
	EndProjectSection
EndProject
Project("{9A19103F-16F7-4668-BE54-9A1E7A4F7556}") = "Glass.Mapper.Sc.ContentSearch", "Source\Glass.Mapper.Sc.ContentSearch\Glass.Mapper.Sc.ContentSearch.csproj", "{CE1CC8D6-60CC-4DCA-9B6C-0256778D107A}"
EndProject
Project("{9A19103F-16F7-4668-BE54-9A1E7A4F7556}") = "Glass.Mapper.Sc.Mvc", "Source\Glass.Mapper.Sc.Mvc\Glass.Mapper.Sc.Mvc.csproj", "{F872CEFA-8F7B-4703-ADAB-49B8081B8EBE}"
EndProject
Project("{2150E333-8FDC-42A3-9474-1A3956D46DE8}") = "NugetDefinitions", "NugetDefinitions", "{A48E54A2-1300-41BC-8508-89A174C2CDB0}"
	ProjectSection(SolutionItems) = preProject
		NugetDefinitions\Glass.Mapper.Sc.Core.symbols.nuspec = NugetDefinitions\Glass.Mapper.Sc.Core.symbols.nuspec
		NugetDefinitions\Glass.Mapper.Sc.Mvc.symbols.nuspec = NugetDefinitions\Glass.Mapper.Sc.Mvc.symbols.nuspec
		NugetDefinitions\Glass.Mapper.Sc.symbols.nuspec = NugetDefinitions\Glass.Mapper.Sc.symbols.nuspec
		NugetDefinitions\Glass.Mapper.Sc.WebForms.symbols.nuspec = NugetDefinitions\Glass.Mapper.Sc.WebForms.symbols.nuspec
		NugetDefinitions\readme.txt = NugetDefinitions\readme.txt
	EndProjectSection
EndProject
Project("{2150E333-8FDC-42A3-9474-1A3956D46DE8}") = "Solution Items", "Solution Items", "{A01363A8-C28E-475D-9576-A1F75C1CAAA0}"
	ProjectSection(SolutionItems) = preProject
		Directory.Build.Props = Directory.Build.Props
		Glass.Mapper.shfbproj = Glass.Mapper.shfbproj
		WebEssentials2015-Settings.json = WebEssentials2015-Settings.json
	EndProjectSection
EndProject
Project("{2150E333-8FDC-42A3-9474-1A3956D46DE8}") = "Glass.Mapper.Sc", "Glass.Mapper.Sc", "{45B9EEB9-4683-4144-9876-5F4F7CD40B04}"
	ProjectSection(SolutionItems) = preProject
		Powershell\Glass.Mapper.Sc\Install.ps1 = Powershell\Glass.Mapper.Sc\Install.ps1
		Powershell\Glass.Mapper.Sc\Uninstall.ps1 = Powershell\Glass.Mapper.Sc\Uninstall.ps1
	EndProjectSection
EndProject
Project("{9A19103F-16F7-4668-BE54-9A1E7A4F7556}") = "Glass.Mapper.Sc.Mvc.Tests", "Tests\Unit Tests\Glass.Mapper.Sc.Mvc.Tests\Glass.Mapper.Sc.Mvc.Tests.csproj", "{93828C18-FFB1-4597-86C9-CA3B462AD4E0}"
EndProject
Project("{9A19103F-16F7-4668-BE54-9A1E7A4F7556}") = "Glass.Mapper.Sc.FakeDb", "Tests\Unit Tests\Glass.Mapper.Sc.FakeDb\Glass.Mapper.Sc.FakeDb.csproj", "{3EEF523D-F61C-4DD3-BBE1-C22BE90AFF3F}"
EndProject
Project("{9A19103F-16F7-4668-BE54-9A1E7A4F7556}") = "Glass.Mapper.Sc.FakeDb.ThirdParty", "Tests\Unit Tests\Glass.Mapper.Sc.FakeDb.ThirdParty\Glass.Mapper.Sc.FakeDb.ThirdParty.csproj", "{D03EFAFB-E535-45D3-96C9-52D1F5B35B87}"
EndProject
Project("{9A19103F-16F7-4668-BE54-9A1E7A4F7556}") = "Glass.Mapper.Sc.V5.Tests", "Tests\Unit Tests\Glass.Mapper.Sc.V5.Tests\Glass.Mapper.Sc.V5.Tests.csproj", "{F1095B93-944C-44FD-AB13-B952CD7E8E68}"
EndProject
Project("{9A19103F-16F7-4668-BE54-9A1E7A4F7556}") = "Glass.Mapper.Sc.WebForms", "Source\Glass.Mapper.Sc.WebForms\Glass.Mapper.Sc.WebForms.csproj", "{1D32E144-84DF-45D4-8047-E227A736C0C4}"
EndProject
Project("{9A19103F-16F7-4668-BE54-9A1E7A4F7556}") = "Glass.Mapper.Sc.WebForms.FakeDb", "Tests\Unit Tests\Glass.Mapper.Sc.WebForms.FakeDb\Glass.Mapper.Sc.WebForms.FakeDb.csproj", "{E5EAEA70-541C-4F98-9D04-EDD9CF48F1B5}"
EndProject
Global
	GlobalSection(SolutionConfigurationPlatforms) = preSolution
		CI|Any CPU = CI|Any CPU
		Debug|Any CPU = Debug|Any CPU
		Release|Any CPU = Release|Any CPU
		Sc100|Any CPU = Sc100|Any CPU
		Sc70|Any CPU = Sc70|Any CPU
		Sc71|Any CPU = Sc71|Any CPU
		Sc72|Any CPU = Sc72|Any CPU
		Sc75|Any CPU = Sc75|Any CPU
		Sc80|Any CPU = Sc80|Any CPU
		Sc81|Any CPU = Sc81|Any CPU
		Sc82|Any CPU = Sc82|Any CPU
		Sc90|Any CPU = Sc90|Any CPU
		Sc91|Any CPU = Sc91|Any CPU
		Sc92|Any CPU = Sc92|Any CPU
		Sc93|Any CPU = Sc93|Any CPU
	EndGlobalSection
	GlobalSection(ProjectConfigurationPlatforms) = postSolution
		{566109ED-A88A-467E-BDDB-BBF7F831A006}.CI|Any CPU.ActiveCfg = Release|Any CPU
		{566109ED-A88A-467E-BDDB-BBF7F831A006}.CI|Any CPU.Build.0 = Release|Any CPU
		{566109ED-A88A-467E-BDDB-BBF7F831A006}.Debug|Any CPU.ActiveCfg = Debug|Any CPU
		{566109ED-A88A-467E-BDDB-BBF7F831A006}.Debug|Any CPU.Build.0 = Debug|Any CPU
		{566109ED-A88A-467E-BDDB-BBF7F831A006}.Release|Any CPU.ActiveCfg = Release|Any CPU
		{566109ED-A88A-467E-BDDB-BBF7F831A006}.Release|Any CPU.Build.0 = Release|Any CPU
		{566109ED-A88A-467E-BDDB-BBF7F831A006}.Sc100|Any CPU.ActiveCfg = Release|Any CPU
		{566109ED-A88A-467E-BDDB-BBF7F831A006}.Sc100|Any CPU.Build.0 = Release|Any CPU
		{566109ED-A88A-467E-BDDB-BBF7F831A006}.Sc70|Any CPU.ActiveCfg = Release|Any CPU
		{566109ED-A88A-467E-BDDB-BBF7F831A006}.Sc70|Any CPU.Build.0 = Release|Any CPU
		{566109ED-A88A-467E-BDDB-BBF7F831A006}.Sc71|Any CPU.ActiveCfg = Release|Any CPU
		{566109ED-A88A-467E-BDDB-BBF7F831A006}.Sc71|Any CPU.Build.0 = Release|Any CPU
		{566109ED-A88A-467E-BDDB-BBF7F831A006}.Sc72|Any CPU.ActiveCfg = Release|Any CPU
		{566109ED-A88A-467E-BDDB-BBF7F831A006}.Sc72|Any CPU.Build.0 = Release|Any CPU
		{566109ED-A88A-467E-BDDB-BBF7F831A006}.Sc75|Any CPU.ActiveCfg = Release|Any CPU
		{566109ED-A88A-467E-BDDB-BBF7F831A006}.Sc75|Any CPU.Build.0 = Release|Any CPU
		{566109ED-A88A-467E-BDDB-BBF7F831A006}.Sc80|Any CPU.ActiveCfg = Release|Any CPU
		{566109ED-A88A-467E-BDDB-BBF7F831A006}.Sc80|Any CPU.Build.0 = Release|Any CPU
		{566109ED-A88A-467E-BDDB-BBF7F831A006}.Sc81|Any CPU.ActiveCfg = Release|Any CPU
		{566109ED-A88A-467E-BDDB-BBF7F831A006}.Sc81|Any CPU.Build.0 = Release|Any CPU
		{566109ED-A88A-467E-BDDB-BBF7F831A006}.Sc82|Any CPU.ActiveCfg = Release|Any CPU
		{566109ED-A88A-467E-BDDB-BBF7F831A006}.Sc82|Any CPU.Build.0 = Release|Any CPU
		{566109ED-A88A-467E-BDDB-BBF7F831A006}.Sc90|Any CPU.ActiveCfg = Release|Any CPU
		{566109ED-A88A-467E-BDDB-BBF7F831A006}.Sc90|Any CPU.Build.0 = Release|Any CPU
		{566109ED-A88A-467E-BDDB-BBF7F831A006}.Sc91|Any CPU.ActiveCfg = Release|Any CPU
		{566109ED-A88A-467E-BDDB-BBF7F831A006}.Sc91|Any CPU.Build.0 = Release|Any CPU
		{566109ED-A88A-467E-BDDB-BBF7F831A006}.Sc92|Any CPU.ActiveCfg = Debug|Any CPU
		{566109ED-A88A-467E-BDDB-BBF7F831A006}.Sc92|Any CPU.Build.0 = Debug|Any CPU
		{566109ED-A88A-467E-BDDB-BBF7F831A006}.Sc93|Any CPU.ActiveCfg = Debug|Any CPU
		{566109ED-A88A-467E-BDDB-BBF7F831A006}.Sc93|Any CPU.Build.0 = Debug|Any CPU
		{0B8E0B06-46B8-4794-862F-73B391F8B1A1}.CI|Any CPU.ActiveCfg = Release|Any CPU
		{0B8E0B06-46B8-4794-862F-73B391F8B1A1}.CI|Any CPU.Build.0 = Release|Any CPU
		{0B8E0B06-46B8-4794-862F-73B391F8B1A1}.Debug|Any CPU.ActiveCfg = Debug|Any CPU
		{0B8E0B06-46B8-4794-862F-73B391F8B1A1}.Debug|Any CPU.Build.0 = Debug|Any CPU
		{0B8E0B06-46B8-4794-862F-73B391F8B1A1}.Release|Any CPU.ActiveCfg = Release|Any CPU
		{0B8E0B06-46B8-4794-862F-73B391F8B1A1}.Release|Any CPU.Build.0 = Release|Any CPU
		{0B8E0B06-46B8-4794-862F-73B391F8B1A1}.Sc100|Any CPU.ActiveCfg = Release|Any CPU
		{0B8E0B06-46B8-4794-862F-73B391F8B1A1}.Sc100|Any CPU.Build.0 = Release|Any CPU
		{0B8E0B06-46B8-4794-862F-73B391F8B1A1}.Sc70|Any CPU.ActiveCfg = Release|Any CPU
		{0B8E0B06-46B8-4794-862F-73B391F8B1A1}.Sc70|Any CPU.Build.0 = Release|Any CPU
		{0B8E0B06-46B8-4794-862F-73B391F8B1A1}.Sc71|Any CPU.ActiveCfg = Release|Any CPU
		{0B8E0B06-46B8-4794-862F-73B391F8B1A1}.Sc71|Any CPU.Build.0 = Release|Any CPU
		{0B8E0B06-46B8-4794-862F-73B391F8B1A1}.Sc72|Any CPU.ActiveCfg = Release|Any CPU
		{0B8E0B06-46B8-4794-862F-73B391F8B1A1}.Sc72|Any CPU.Build.0 = Release|Any CPU
		{0B8E0B06-46B8-4794-862F-73B391F8B1A1}.Sc75|Any CPU.ActiveCfg = Release|Any CPU
		{0B8E0B06-46B8-4794-862F-73B391F8B1A1}.Sc75|Any CPU.Build.0 = Release|Any CPU
		{0B8E0B06-46B8-4794-862F-73B391F8B1A1}.Sc80|Any CPU.ActiveCfg = Release|Any CPU
		{0B8E0B06-46B8-4794-862F-73B391F8B1A1}.Sc80|Any CPU.Build.0 = Release|Any CPU
		{0B8E0B06-46B8-4794-862F-73B391F8B1A1}.Sc81|Any CPU.ActiveCfg = Release|Any CPU
		{0B8E0B06-46B8-4794-862F-73B391F8B1A1}.Sc81|Any CPU.Build.0 = Release|Any CPU
		{0B8E0B06-46B8-4794-862F-73B391F8B1A1}.Sc82|Any CPU.ActiveCfg = Release|Any CPU
		{0B8E0B06-46B8-4794-862F-73B391F8B1A1}.Sc82|Any CPU.Build.0 = Release|Any CPU
		{0B8E0B06-46B8-4794-862F-73B391F8B1A1}.Sc90|Any CPU.ActiveCfg = Release|Any CPU
		{0B8E0B06-46B8-4794-862F-73B391F8B1A1}.Sc90|Any CPU.Build.0 = Release|Any CPU
		{0B8E0B06-46B8-4794-862F-73B391F8B1A1}.Sc91|Any CPU.ActiveCfg = Release|Any CPU
		{0B8E0B06-46B8-4794-862F-73B391F8B1A1}.Sc91|Any CPU.Build.0 = Release|Any CPU
		{0B8E0B06-46B8-4794-862F-73B391F8B1A1}.Sc92|Any CPU.ActiveCfg = Debug|Any CPU
		{0B8E0B06-46B8-4794-862F-73B391F8B1A1}.Sc92|Any CPU.Build.0 = Debug|Any CPU
		{0B8E0B06-46B8-4794-862F-73B391F8B1A1}.Sc93|Any CPU.ActiveCfg = Debug|Any CPU
		{0B8E0B06-46B8-4794-862F-73B391F8B1A1}.Sc93|Any CPU.Build.0 = Debug|Any CPU
		{728CF1A7-0F06-4464-B434-33A982D97C82}.CI|Any CPU.ActiveCfg = Release|Any CPU
		{728CF1A7-0F06-4464-B434-33A982D97C82}.CI|Any CPU.Build.0 = Release|Any CPU
		{728CF1A7-0F06-4464-B434-33A982D97C82}.Debug|Any CPU.ActiveCfg = Debug|Any CPU
		{728CF1A7-0F06-4464-B434-33A982D97C82}.Debug|Any CPU.Build.0 = Debug|Any CPU
		{728CF1A7-0F06-4464-B434-33A982D97C82}.Release|Any CPU.ActiveCfg = Release|Any CPU
		{728CF1A7-0F06-4464-B434-33A982D97C82}.Release|Any CPU.Build.0 = Release|Any CPU
		{728CF1A7-0F06-4464-B434-33A982D97C82}.Sc100|Any CPU.ActiveCfg = Release|Any CPU
		{728CF1A7-0F06-4464-B434-33A982D97C82}.Sc100|Any CPU.Build.0 = Release|Any CPU
		{728CF1A7-0F06-4464-B434-33A982D97C82}.Sc70|Any CPU.ActiveCfg = Release|Any CPU
		{728CF1A7-0F06-4464-B434-33A982D97C82}.Sc70|Any CPU.Build.0 = Release|Any CPU
		{728CF1A7-0F06-4464-B434-33A982D97C82}.Sc71|Any CPU.ActiveCfg = Release|Any CPU
		{728CF1A7-0F06-4464-B434-33A982D97C82}.Sc71|Any CPU.Build.0 = Release|Any CPU
		{728CF1A7-0F06-4464-B434-33A982D97C82}.Sc72|Any CPU.ActiveCfg = Release|Any CPU
		{728CF1A7-0F06-4464-B434-33A982D97C82}.Sc72|Any CPU.Build.0 = Release|Any CPU
		{728CF1A7-0F06-4464-B434-33A982D97C82}.Sc75|Any CPU.ActiveCfg = Release|Any CPU
		{728CF1A7-0F06-4464-B434-33A982D97C82}.Sc75|Any CPU.Build.0 = Release|Any CPU
		{728CF1A7-0F06-4464-B434-33A982D97C82}.Sc80|Any CPU.ActiveCfg = Release|Any CPU
		{728CF1A7-0F06-4464-B434-33A982D97C82}.Sc80|Any CPU.Build.0 = Release|Any CPU
		{728CF1A7-0F06-4464-B434-33A982D97C82}.Sc81|Any CPU.ActiveCfg = Release|Any CPU
		{728CF1A7-0F06-4464-B434-33A982D97C82}.Sc81|Any CPU.Build.0 = Release|Any CPU
		{728CF1A7-0F06-4464-B434-33A982D97C82}.Sc82|Any CPU.ActiveCfg = Release|Any CPU
		{728CF1A7-0F06-4464-B434-33A982D97C82}.Sc82|Any CPU.Build.0 = Release|Any CPU
		{728CF1A7-0F06-4464-B434-33A982D97C82}.Sc90|Any CPU.ActiveCfg = Release|Any CPU
		{728CF1A7-0F06-4464-B434-33A982D97C82}.Sc90|Any CPU.Build.0 = Release|Any CPU
		{728CF1A7-0F06-4464-B434-33A982D97C82}.Sc91|Any CPU.ActiveCfg = Release|Any CPU
		{728CF1A7-0F06-4464-B434-33A982D97C82}.Sc91|Any CPU.Build.0 = Release|Any CPU
		{728CF1A7-0F06-4464-B434-33A982D97C82}.Sc92|Any CPU.ActiveCfg = Release|Any CPU
		{728CF1A7-0F06-4464-B434-33A982D97C82}.Sc92|Any CPU.Build.0 = Release|Any CPU
		{728CF1A7-0F06-4464-B434-33A982D97C82}.Sc93|Any CPU.ActiveCfg = Release|Any CPU
		{728CF1A7-0F06-4464-B434-33A982D97C82}.Sc93|Any CPU.Build.0 = Release|Any CPU
		{CE1CC8D6-60CC-4DCA-9B6C-0256778D107A}.CI|Any CPU.ActiveCfg = Release|Any CPU
		{CE1CC8D6-60CC-4DCA-9B6C-0256778D107A}.CI|Any CPU.Build.0 = Release|Any CPU
		{CE1CC8D6-60CC-4DCA-9B6C-0256778D107A}.Debug|Any CPU.ActiveCfg = Debug|Any CPU
		{CE1CC8D6-60CC-4DCA-9B6C-0256778D107A}.Debug|Any CPU.Build.0 = Debug|Any CPU
		{CE1CC8D6-60CC-4DCA-9B6C-0256778D107A}.Release|Any CPU.ActiveCfg = Release|Any CPU
		{CE1CC8D6-60CC-4DCA-9B6C-0256778D107A}.Release|Any CPU.Build.0 = Release|Any CPU
		{CE1CC8D6-60CC-4DCA-9B6C-0256778D107A}.Sc100|Any CPU.ActiveCfg = Debug|Any CPU
		{CE1CC8D6-60CC-4DCA-9B6C-0256778D107A}.Sc100|Any CPU.Build.0 = Debug|Any CPU
		{CE1CC8D6-60CC-4DCA-9B6C-0256778D107A}.Sc70|Any CPU.ActiveCfg = Debug|Any CPU
		{CE1CC8D6-60CC-4DCA-9B6C-0256778D107A}.Sc70|Any CPU.Build.0 = Debug|Any CPU
		{CE1CC8D6-60CC-4DCA-9B6C-0256778D107A}.Sc71|Any CPU.ActiveCfg = Debug|Any CPU
		{CE1CC8D6-60CC-4DCA-9B6C-0256778D107A}.Sc71|Any CPU.Build.0 = Debug|Any CPU
		{CE1CC8D6-60CC-4DCA-9B6C-0256778D107A}.Sc72|Any CPU.ActiveCfg = Debug|Any CPU
		{CE1CC8D6-60CC-4DCA-9B6C-0256778D107A}.Sc72|Any CPU.Build.0 = Debug|Any CPU
		{CE1CC8D6-60CC-4DCA-9B6C-0256778D107A}.Sc75|Any CPU.ActiveCfg = Debug|Any CPU
		{CE1CC8D6-60CC-4DCA-9B6C-0256778D107A}.Sc75|Any CPU.Build.0 = Debug|Any CPU
		{CE1CC8D6-60CC-4DCA-9B6C-0256778D107A}.Sc80|Any CPU.ActiveCfg = Debug|Any CPU
		{CE1CC8D6-60CC-4DCA-9B6C-0256778D107A}.Sc80|Any CPU.Build.0 = Debug|Any CPU
		{CE1CC8D6-60CC-4DCA-9B6C-0256778D107A}.Sc81|Any CPU.ActiveCfg = Debug|Any CPU
		{CE1CC8D6-60CC-4DCA-9B6C-0256778D107A}.Sc81|Any CPU.Build.0 = Debug|Any CPU
		{CE1CC8D6-60CC-4DCA-9B6C-0256778D107A}.Sc82|Any CPU.ActiveCfg = Debug|Any CPU
		{CE1CC8D6-60CC-4DCA-9B6C-0256778D107A}.Sc82|Any CPU.Build.0 = Debug|Any CPU
		{CE1CC8D6-60CC-4DCA-9B6C-0256778D107A}.Sc90|Any CPU.ActiveCfg = Debug|Any CPU
		{CE1CC8D6-60CC-4DCA-9B6C-0256778D107A}.Sc90|Any CPU.Build.0 = Debug|Any CPU
		{CE1CC8D6-60CC-4DCA-9B6C-0256778D107A}.Sc91|Any CPU.ActiveCfg = Debug|Any CPU
		{CE1CC8D6-60CC-4DCA-9B6C-0256778D107A}.Sc91|Any CPU.Build.0 = Debug|Any CPU
		{CE1CC8D6-60CC-4DCA-9B6C-0256778D107A}.Sc92|Any CPU.ActiveCfg = Debug|Any CPU
		{CE1CC8D6-60CC-4DCA-9B6C-0256778D107A}.Sc92|Any CPU.Build.0 = Debug|Any CPU
		{CE1CC8D6-60CC-4DCA-9B6C-0256778D107A}.Sc93|Any CPU.ActiveCfg = Debug|Any CPU
		{CE1CC8D6-60CC-4DCA-9B6C-0256778D107A}.Sc93|Any CPU.Build.0 = Debug|Any CPU
		{F872CEFA-8F7B-4703-ADAB-49B8081B8EBE}.CI|Any CPU.ActiveCfg = Release|Any CPU
		{F872CEFA-8F7B-4703-ADAB-49B8081B8EBE}.CI|Any CPU.Build.0 = Release|Any CPU
		{F872CEFA-8F7B-4703-ADAB-49B8081B8EBE}.Debug|Any CPU.ActiveCfg = Debug|Any CPU
		{F872CEFA-8F7B-4703-ADAB-49B8081B8EBE}.Debug|Any CPU.Build.0 = Debug|Any CPU
		{F872CEFA-8F7B-4703-ADAB-49B8081B8EBE}.Release|Any CPU.ActiveCfg = Release|Any CPU
		{F872CEFA-8F7B-4703-ADAB-49B8081B8EBE}.Release|Any CPU.Build.0 = Release|Any CPU
		{F872CEFA-8F7B-4703-ADAB-49B8081B8EBE}.Sc100|Any CPU.ActiveCfg = Debug|Any CPU
		{F872CEFA-8F7B-4703-ADAB-49B8081B8EBE}.Sc100|Any CPU.Build.0 = Debug|Any CPU
		{F872CEFA-8F7B-4703-ADAB-49B8081B8EBE}.Sc70|Any CPU.ActiveCfg = Debug|Any CPU
		{F872CEFA-8F7B-4703-ADAB-49B8081B8EBE}.Sc70|Any CPU.Build.0 = Debug|Any CPU
		{F872CEFA-8F7B-4703-ADAB-49B8081B8EBE}.Sc71|Any CPU.ActiveCfg = Debug|Any CPU
		{F872CEFA-8F7B-4703-ADAB-49B8081B8EBE}.Sc71|Any CPU.Build.0 = Debug|Any CPU
		{F872CEFA-8F7B-4703-ADAB-49B8081B8EBE}.Sc72|Any CPU.ActiveCfg = Debug|Any CPU
		{F872CEFA-8F7B-4703-ADAB-49B8081B8EBE}.Sc72|Any CPU.Build.0 = Debug|Any CPU
		{F872CEFA-8F7B-4703-ADAB-49B8081B8EBE}.Sc75|Any CPU.ActiveCfg = Debug|Any CPU
		{F872CEFA-8F7B-4703-ADAB-49B8081B8EBE}.Sc75|Any CPU.Build.0 = Debug|Any CPU
		{F872CEFA-8F7B-4703-ADAB-49B8081B8EBE}.Sc80|Any CPU.ActiveCfg = Debug|Any CPU
		{F872CEFA-8F7B-4703-ADAB-49B8081B8EBE}.Sc80|Any CPU.Build.0 = Debug|Any CPU
		{F872CEFA-8F7B-4703-ADAB-49B8081B8EBE}.Sc81|Any CPU.ActiveCfg = Debug|Any CPU
		{F872CEFA-8F7B-4703-ADAB-49B8081B8EBE}.Sc81|Any CPU.Build.0 = Debug|Any CPU
		{F872CEFA-8F7B-4703-ADAB-49B8081B8EBE}.Sc82|Any CPU.ActiveCfg = Debug|Any CPU
		{F872CEFA-8F7B-4703-ADAB-49B8081B8EBE}.Sc82|Any CPU.Build.0 = Debug|Any CPU
		{F872CEFA-8F7B-4703-ADAB-49B8081B8EBE}.Sc90|Any CPU.ActiveCfg = Debug|Any CPU
		{F872CEFA-8F7B-4703-ADAB-49B8081B8EBE}.Sc90|Any CPU.Build.0 = Debug|Any CPU
		{F872CEFA-8F7B-4703-ADAB-49B8081B8EBE}.Sc91|Any CPU.ActiveCfg = Debug|Any CPU
		{F872CEFA-8F7B-4703-ADAB-49B8081B8EBE}.Sc91|Any CPU.Build.0 = Debug|Any CPU
		{F872CEFA-8F7B-4703-ADAB-49B8081B8EBE}.Sc92|Any CPU.ActiveCfg = Debug|Any CPU
		{F872CEFA-8F7B-4703-ADAB-49B8081B8EBE}.Sc92|Any CPU.Build.0 = Debug|Any CPU
		{F872CEFA-8F7B-4703-ADAB-49B8081B8EBE}.Sc93|Any CPU.ActiveCfg = Debug|Any CPU
		{F872CEFA-8F7B-4703-ADAB-49B8081B8EBE}.Sc93|Any CPU.Build.0 = Debug|Any CPU
		{93828C18-FFB1-4597-86C9-CA3B462AD4E0}.CI|Any CPU.ActiveCfg = Release|Any CPU
		{93828C18-FFB1-4597-86C9-CA3B462AD4E0}.CI|Any CPU.Build.0 = Release|Any CPU
		{93828C18-FFB1-4597-86C9-CA3B462AD4E0}.Debug|Any CPU.ActiveCfg = Debug|Any CPU
		{93828C18-FFB1-4597-86C9-CA3B462AD4E0}.Debug|Any CPU.Build.0 = Debug|Any CPU
		{93828C18-FFB1-4597-86C9-CA3B462AD4E0}.Release|Any CPU.ActiveCfg = Release|Any CPU
		{93828C18-FFB1-4597-86C9-CA3B462AD4E0}.Release|Any CPU.Build.0 = Release|Any CPU
		{93828C18-FFB1-4597-86C9-CA3B462AD4E0}.Sc100|Any CPU.ActiveCfg = Debug|Any CPU
		{93828C18-FFB1-4597-86C9-CA3B462AD4E0}.Sc100|Any CPU.Build.0 = Debug|Any CPU
		{93828C18-FFB1-4597-86C9-CA3B462AD4E0}.Sc70|Any CPU.ActiveCfg = Debug|Any CPU
		{93828C18-FFB1-4597-86C9-CA3B462AD4E0}.Sc70|Any CPU.Build.0 = Debug|Any CPU
		{93828C18-FFB1-4597-86C9-CA3B462AD4E0}.Sc71|Any CPU.ActiveCfg = Debug|Any CPU
		{93828C18-FFB1-4597-86C9-CA3B462AD4E0}.Sc71|Any CPU.Build.0 = Debug|Any CPU
		{93828C18-FFB1-4597-86C9-CA3B462AD4E0}.Sc72|Any CPU.ActiveCfg = Debug|Any CPU
		{93828C18-FFB1-4597-86C9-CA3B462AD4E0}.Sc72|Any CPU.Build.0 = Debug|Any CPU
		{93828C18-FFB1-4597-86C9-CA3B462AD4E0}.Sc75|Any CPU.ActiveCfg = Release|Any CPU
		{93828C18-FFB1-4597-86C9-CA3B462AD4E0}.Sc75|Any CPU.Build.0 = Release|Any CPU
		{93828C18-FFB1-4597-86C9-CA3B462AD4E0}.Sc80|Any CPU.ActiveCfg = Release|Any CPU
		{93828C18-FFB1-4597-86C9-CA3B462AD4E0}.Sc80|Any CPU.Build.0 = Release|Any CPU
		{93828C18-FFB1-4597-86C9-CA3B462AD4E0}.Sc81|Any CPU.ActiveCfg = Debug|Any CPU
		{93828C18-FFB1-4597-86C9-CA3B462AD4E0}.Sc81|Any CPU.Build.0 = Debug|Any CPU
		{93828C18-FFB1-4597-86C9-CA3B462AD4E0}.Sc82|Any CPU.ActiveCfg = Debug|Any CPU
		{93828C18-FFB1-4597-86C9-CA3B462AD4E0}.Sc82|Any CPU.Build.0 = Debug|Any CPU
		{93828C18-FFB1-4597-86C9-CA3B462AD4E0}.Sc90|Any CPU.ActiveCfg = Debug|Any CPU
		{93828C18-FFB1-4597-86C9-CA3B462AD4E0}.Sc90|Any CPU.Build.0 = Debug|Any CPU
		{93828C18-FFB1-4597-86C9-CA3B462AD4E0}.Sc91|Any CPU.ActiveCfg = Debug|Any CPU
		{93828C18-FFB1-4597-86C9-CA3B462AD4E0}.Sc91|Any CPU.Build.0 = Debug|Any CPU
		{93828C18-FFB1-4597-86C9-CA3B462AD4E0}.Sc92|Any CPU.ActiveCfg = Debug|Any CPU
		{93828C18-FFB1-4597-86C9-CA3B462AD4E0}.Sc92|Any CPU.Build.0 = Debug|Any CPU
		{93828C18-FFB1-4597-86C9-CA3B462AD4E0}.Sc93|Any CPU.ActiveCfg = Debug|Any CPU
		{93828C18-FFB1-4597-86C9-CA3B462AD4E0}.Sc93|Any CPU.Build.0 = Debug|Any CPU
		{3EEF523D-F61C-4DD3-BBE1-C22BE90AFF3F}.CI|Any CPU.ActiveCfg = Release|Any CPU
		{3EEF523D-F61C-4DD3-BBE1-C22BE90AFF3F}.CI|Any CPU.Build.0 = Release|Any CPU
		{3EEF523D-F61C-4DD3-BBE1-C22BE90AFF3F}.Debug|Any CPU.ActiveCfg = Debug|Any CPU
		{3EEF523D-F61C-4DD3-BBE1-C22BE90AFF3F}.Debug|Any CPU.Build.0 = Debug|Any CPU
		{3EEF523D-F61C-4DD3-BBE1-C22BE90AFF3F}.Release|Any CPU.ActiveCfg = Release|Any CPU
		{3EEF523D-F61C-4DD3-BBE1-C22BE90AFF3F}.Release|Any CPU.Build.0 = Release|Any CPU
		{3EEF523D-F61C-4DD3-BBE1-C22BE90AFF3F}.Sc100|Any CPU.ActiveCfg = Debug|Any CPU
		{3EEF523D-F61C-4DD3-BBE1-C22BE90AFF3F}.Sc100|Any CPU.Build.0 = Debug|Any CPU
		{3EEF523D-F61C-4DD3-BBE1-C22BE90AFF3F}.Sc70|Any CPU.ActiveCfg = Debug|Any CPU
		{3EEF523D-F61C-4DD3-BBE1-C22BE90AFF3F}.Sc70|Any CPU.Build.0 = Debug|Any CPU
		{3EEF523D-F61C-4DD3-BBE1-C22BE90AFF3F}.Sc71|Any CPU.ActiveCfg = Debug|Any CPU
		{3EEF523D-F61C-4DD3-BBE1-C22BE90AFF3F}.Sc71|Any CPU.Build.0 = Debug|Any CPU
		{3EEF523D-F61C-4DD3-BBE1-C22BE90AFF3F}.Sc72|Any CPU.ActiveCfg = Debug|Any CPU
		{3EEF523D-F61C-4DD3-BBE1-C22BE90AFF3F}.Sc72|Any CPU.Build.0 = Debug|Any CPU
		{3EEF523D-F61C-4DD3-BBE1-C22BE90AFF3F}.Sc75|Any CPU.ActiveCfg = Release|Any CPU
		{3EEF523D-F61C-4DD3-BBE1-C22BE90AFF3F}.Sc75|Any CPU.Build.0 = Release|Any CPU
		{3EEF523D-F61C-4DD3-BBE1-C22BE90AFF3F}.Sc80|Any CPU.ActiveCfg = Release|Any CPU
		{3EEF523D-F61C-4DD3-BBE1-C22BE90AFF3F}.Sc80|Any CPU.Build.0 = Release|Any CPU
		{3EEF523D-F61C-4DD3-BBE1-C22BE90AFF3F}.Sc81|Any CPU.ActiveCfg = Release|Any CPU
		{3EEF523D-F61C-4DD3-BBE1-C22BE90AFF3F}.Sc81|Any CPU.Build.0 = Release|Any CPU
		{3EEF523D-F61C-4DD3-BBE1-C22BE90AFF3F}.Sc82|Any CPU.ActiveCfg = Debug|Any CPU
		{3EEF523D-F61C-4DD3-BBE1-C22BE90AFF3F}.Sc82|Any CPU.Build.0 = Debug|Any CPU
		{3EEF523D-F61C-4DD3-BBE1-C22BE90AFF3F}.Sc90|Any CPU.ActiveCfg = Debug|Any CPU
		{3EEF523D-F61C-4DD3-BBE1-C22BE90AFF3F}.Sc90|Any CPU.Build.0 = Debug|Any CPU
		{3EEF523D-F61C-4DD3-BBE1-C22BE90AFF3F}.Sc91|Any CPU.ActiveCfg = Debug|Any CPU
		{3EEF523D-F61C-4DD3-BBE1-C22BE90AFF3F}.Sc91|Any CPU.Build.0 = Debug|Any CPU
		{3EEF523D-F61C-4DD3-BBE1-C22BE90AFF3F}.Sc92|Any CPU.ActiveCfg = Debug|Any CPU
		{3EEF523D-F61C-4DD3-BBE1-C22BE90AFF3F}.Sc92|Any CPU.Build.0 = Debug|Any CPU
		{3EEF523D-F61C-4DD3-BBE1-C22BE90AFF3F}.Sc93|Any CPU.ActiveCfg = Debug|Any CPU
		{3EEF523D-F61C-4DD3-BBE1-C22BE90AFF3F}.Sc93|Any CPU.Build.0 = Debug|Any CPU
		{D03EFAFB-E535-45D3-96C9-52D1F5B35B87}.CI|Any CPU.ActiveCfg = Release|Any CPU
		{D03EFAFB-E535-45D3-96C9-52D1F5B35B87}.CI|Any CPU.Build.0 = Release|Any CPU
		{D03EFAFB-E535-45D3-96C9-52D1F5B35B87}.Debug|Any CPU.ActiveCfg = Debug|Any CPU
		{D03EFAFB-E535-45D3-96C9-52D1F5B35B87}.Debug|Any CPU.Build.0 = Debug|Any CPU
		{D03EFAFB-E535-45D3-96C9-52D1F5B35B87}.Release|Any CPU.ActiveCfg = Release|Any CPU
		{D03EFAFB-E535-45D3-96C9-52D1F5B35B87}.Release|Any CPU.Build.0 = Release|Any CPU
		{D03EFAFB-E535-45D3-96C9-52D1F5B35B87}.Sc100|Any CPU.ActiveCfg = Debug|Any CPU
		{D03EFAFB-E535-45D3-96C9-52D1F5B35B87}.Sc100|Any CPU.Build.0 = Debug|Any CPU
		{D03EFAFB-E535-45D3-96C9-52D1F5B35B87}.Sc70|Any CPU.ActiveCfg = Debug|Any CPU
		{D03EFAFB-E535-45D3-96C9-52D1F5B35B87}.Sc70|Any CPU.Build.0 = Debug|Any CPU
		{D03EFAFB-E535-45D3-96C9-52D1F5B35B87}.Sc71|Any CPU.ActiveCfg = Debug|Any CPU
		{D03EFAFB-E535-45D3-96C9-52D1F5B35B87}.Sc71|Any CPU.Build.0 = Debug|Any CPU
		{D03EFAFB-E535-45D3-96C9-52D1F5B35B87}.Sc72|Any CPU.ActiveCfg = Debug|Any CPU
		{D03EFAFB-E535-45D3-96C9-52D1F5B35B87}.Sc72|Any CPU.Build.0 = Debug|Any CPU
		{D03EFAFB-E535-45D3-96C9-52D1F5B35B87}.Sc75|Any CPU.ActiveCfg = Release|Any CPU
		{D03EFAFB-E535-45D3-96C9-52D1F5B35B87}.Sc75|Any CPU.Build.0 = Release|Any CPU
		{D03EFAFB-E535-45D3-96C9-52D1F5B35B87}.Sc80|Any CPU.ActiveCfg = Release|Any CPU
		{D03EFAFB-E535-45D3-96C9-52D1F5B35B87}.Sc80|Any CPU.Build.0 = Release|Any CPU
		{D03EFAFB-E535-45D3-96C9-52D1F5B35B87}.Sc81|Any CPU.ActiveCfg = Release|Any CPU
		{D03EFAFB-E535-45D3-96C9-52D1F5B35B87}.Sc81|Any CPU.Build.0 = Release|Any CPU
		{D03EFAFB-E535-45D3-96C9-52D1F5B35B87}.Sc82|Any CPU.ActiveCfg = Debug|Any CPU
		{D03EFAFB-E535-45D3-96C9-52D1F5B35B87}.Sc82|Any CPU.Build.0 = Debug|Any CPU
		{D03EFAFB-E535-45D3-96C9-52D1F5B35B87}.Sc90|Any CPU.ActiveCfg = Debug|Any CPU
		{D03EFAFB-E535-45D3-96C9-52D1F5B35B87}.Sc90|Any CPU.Build.0 = Debug|Any CPU
		{D03EFAFB-E535-45D3-96C9-52D1F5B35B87}.Sc91|Any CPU.ActiveCfg = Debug|Any CPU
		{D03EFAFB-E535-45D3-96C9-52D1F5B35B87}.Sc91|Any CPU.Build.0 = Debug|Any CPU
		{D03EFAFB-E535-45D3-96C9-52D1F5B35B87}.Sc92|Any CPU.ActiveCfg = Debug|Any CPU
		{D03EFAFB-E535-45D3-96C9-52D1F5B35B87}.Sc92|Any CPU.Build.0 = Debug|Any CPU
		{D03EFAFB-E535-45D3-96C9-52D1F5B35B87}.Sc93|Any CPU.ActiveCfg = Debug|Any CPU
		{D03EFAFB-E535-45D3-96C9-52D1F5B35B87}.Sc93|Any CPU.Build.0 = Debug|Any CPU
		{F1095B93-944C-44FD-AB13-B952CD7E8E68}.CI|Any CPU.ActiveCfg = Release|Any CPU
		{F1095B93-944C-44FD-AB13-B952CD7E8E68}.CI|Any CPU.Build.0 = Release|Any CPU
		{F1095B93-944C-44FD-AB13-B952CD7E8E68}.Debug|Any CPU.ActiveCfg = Debug|Any CPU
		{F1095B93-944C-44FD-AB13-B952CD7E8E68}.Debug|Any CPU.Build.0 = Debug|Any CPU
		{F1095B93-944C-44FD-AB13-B952CD7E8E68}.Release|Any CPU.ActiveCfg = Release|Any CPU
		{F1095B93-944C-44FD-AB13-B952CD7E8E68}.Release|Any CPU.Build.0 = Release|Any CPU
		{F1095B93-944C-44FD-AB13-B952CD7E8E68}.Sc100|Any CPU.ActiveCfg = Debug|Any CPU
		{F1095B93-944C-44FD-AB13-B952CD7E8E68}.Sc100|Any CPU.Build.0 = Debug|Any CPU
		{F1095B93-944C-44FD-AB13-B952CD7E8E68}.Sc70|Any CPU.ActiveCfg = Debug|Any CPU
		{F1095B93-944C-44FD-AB13-B952CD7E8E68}.Sc70|Any CPU.Build.0 = Debug|Any CPU
		{F1095B93-944C-44FD-AB13-B952CD7E8E68}.Sc71|Any CPU.ActiveCfg = Debug|Any CPU
		{F1095B93-944C-44FD-AB13-B952CD7E8E68}.Sc71|Any CPU.Build.0 = Debug|Any CPU
		{F1095B93-944C-44FD-AB13-B952CD7E8E68}.Sc72|Any CPU.ActiveCfg = Debug|Any CPU
		{F1095B93-944C-44FD-AB13-B952CD7E8E68}.Sc72|Any CPU.Build.0 = Debug|Any CPU
		{F1095B93-944C-44FD-AB13-B952CD7E8E68}.Sc75|Any CPU.ActiveCfg = Release|Any CPU
		{F1095B93-944C-44FD-AB13-B952CD7E8E68}.Sc75|Any CPU.Build.0 = Release|Any CPU
		{F1095B93-944C-44FD-AB13-B952CD7E8E68}.Sc80|Any CPU.ActiveCfg = Release|Any CPU
		{F1095B93-944C-44FD-AB13-B952CD7E8E68}.Sc80|Any CPU.Build.0 = Release|Any CPU
		{F1095B93-944C-44FD-AB13-B952CD7E8E68}.Sc81|Any CPU.ActiveCfg = Release|Any CPU
		{F1095B93-944C-44FD-AB13-B952CD7E8E68}.Sc81|Any CPU.Build.0 = Release|Any CPU
		{F1095B93-944C-44FD-AB13-B952CD7E8E68}.Sc82|Any CPU.ActiveCfg = Release|Any CPU
		{F1095B93-944C-44FD-AB13-B952CD7E8E68}.Sc82|Any CPU.Build.0 = Release|Any CPU
		{F1095B93-944C-44FD-AB13-B952CD7E8E68}.Sc90|Any CPU.ActiveCfg = Release|Any CPU
		{F1095B93-944C-44FD-AB13-B952CD7E8E68}.Sc90|Any CPU.Build.0 = Release|Any CPU
		{F1095B93-944C-44FD-AB13-B952CD7E8E68}.Sc91|Any CPU.ActiveCfg = Debug|Any CPU
		{F1095B93-944C-44FD-AB13-B952CD7E8E68}.Sc91|Any CPU.Build.0 = Debug|Any CPU
		{F1095B93-944C-44FD-AB13-B952CD7E8E68}.Sc92|Any CPU.ActiveCfg = Debug|Any CPU
		{F1095B93-944C-44FD-AB13-B952CD7E8E68}.Sc92|Any CPU.Build.0 = Debug|Any CPU
		{F1095B93-944C-44FD-AB13-B952CD7E8E68}.Sc93|Any CPU.ActiveCfg = Debug|Any CPU
		{F1095B93-944C-44FD-AB13-B952CD7E8E68}.Sc93|Any CPU.Build.0 = Debug|Any CPU
		{1D32E144-84DF-45D4-8047-E227A736C0C4}.CI|Any CPU.ActiveCfg = Release|Any CPU
		{1D32E144-84DF-45D4-8047-E227A736C0C4}.CI|Any CPU.Build.0 = Release|Any CPU
		{1D32E144-84DF-45D4-8047-E227A736C0C4}.Debug|Any CPU.ActiveCfg = Debug|Any CPU
		{1D32E144-84DF-45D4-8047-E227A736C0C4}.Debug|Any CPU.Build.0 = Debug|Any CPU
		{1D32E144-84DF-45D4-8047-E227A736C0C4}.Release|Any CPU.ActiveCfg = Release|Any CPU
		{1D32E144-84DF-45D4-8047-E227A736C0C4}.Release|Any CPU.Build.0 = Release|Any CPU
		{1D32E144-84DF-45D4-8047-E227A736C0C4}.Sc100|Any CPU.ActiveCfg = Debug|Any CPU
		{1D32E144-84DF-45D4-8047-E227A736C0C4}.Sc100|Any CPU.Build.0 = Debug|Any CPU
		{1D32E144-84DF-45D4-8047-E227A736C0C4}.Sc70|Any CPU.ActiveCfg = Debug|Any CPU
		{1D32E144-84DF-45D4-8047-E227A736C0C4}.Sc70|Any CPU.Build.0 = Debug|Any CPU
		{1D32E144-84DF-45D4-8047-E227A736C0C4}.Sc71|Any CPU.ActiveCfg = Debug|Any CPU
		{1D32E144-84DF-45D4-8047-E227A736C0C4}.Sc71|Any CPU.Build.0 = Debug|Any CPU
		{1D32E144-84DF-45D4-8047-E227A736C0C4}.Sc72|Any CPU.ActiveCfg = Debug|Any CPU
		{1D32E144-84DF-45D4-8047-E227A736C0C4}.Sc72|Any CPU.Build.0 = Debug|Any CPU
		{1D32E144-84DF-45D4-8047-E227A736C0C4}.Sc75|Any CPU.ActiveCfg = Release|Any CPU
		{1D32E144-84DF-45D4-8047-E227A736C0C4}.Sc75|Any CPU.Build.0 = Release|Any CPU
		{1D32E144-84DF-45D4-8047-E227A736C0C4}.Sc80|Any CPU.ActiveCfg = Release|Any CPU
		{1D32E144-84DF-45D4-8047-E227A736C0C4}.Sc80|Any CPU.Build.0 = Release|Any CPU
		{1D32E144-84DF-45D4-8047-E227A736C0C4}.Sc81|Any CPU.ActiveCfg = Release|Any CPU
		{1D32E144-84DF-45D4-8047-E227A736C0C4}.Sc81|Any CPU.Build.0 = Release|Any CPU
		{1D32E144-84DF-45D4-8047-E227A736C0C4}.Sc82|Any CPU.ActiveCfg = Release|Any CPU
		{1D32E144-84DF-45D4-8047-E227A736C0C4}.Sc82|Any CPU.Build.0 = Release|Any CPU
		{1D32E144-84DF-45D4-8047-E227A736C0C4}.Sc90|Any CPU.ActiveCfg = Release|Any CPU
		{1D32E144-84DF-45D4-8047-E227A736C0C4}.Sc90|Any CPU.Build.0 = Release|Any CPU
		{1D32E144-84DF-45D4-8047-E227A736C0C4}.Sc91|Any CPU.ActiveCfg = Debug|Any CPU
		{1D32E144-84DF-45D4-8047-E227A736C0C4}.Sc91|Any CPU.Build.0 = Debug|Any CPU
		{1D32E144-84DF-45D4-8047-E227A736C0C4}.Sc92|Any CPU.ActiveCfg = Debug|Any CPU
		{1D32E144-84DF-45D4-8047-E227A736C0C4}.Sc92|Any CPU.Build.0 = Debug|Any CPU
		{1D32E144-84DF-45D4-8047-E227A736C0C4}.Sc93|Any CPU.ActiveCfg = Debug|Any CPU
		{1D32E144-84DF-45D4-8047-E227A736C0C4}.Sc93|Any CPU.Build.0 = Debug|Any CPU
		{E5EAEA70-541C-4F98-9D04-EDD9CF48F1B5}.CI|Any CPU.ActiveCfg = Release|Any CPU
		{E5EAEA70-541C-4F98-9D04-EDD9CF48F1B5}.CI|Any CPU.Build.0 = Release|Any CPU
		{E5EAEA70-541C-4F98-9D04-EDD9CF48F1B5}.Debug|Any CPU.ActiveCfg = Debug|Any CPU
		{E5EAEA70-541C-4F98-9D04-EDD9CF48F1B5}.Debug|Any CPU.Build.0 = Debug|Any CPU
		{E5EAEA70-541C-4F98-9D04-EDD9CF48F1B5}.Release|Any CPU.ActiveCfg = Release|Any CPU
		{E5EAEA70-541C-4F98-9D04-EDD9CF48F1B5}.Release|Any CPU.Build.0 = Release|Any CPU
		{E5EAEA70-541C-4F98-9D04-EDD9CF48F1B5}.Sc100|Any CPU.ActiveCfg = Release|Any CPU
		{E5EAEA70-541C-4F98-9D04-EDD9CF48F1B5}.Sc100|Any CPU.Build.0 = Release|Any CPU
		{E5EAEA70-541C-4F98-9D04-EDD9CF48F1B5}.Sc70|Any CPU.ActiveCfg = Release|Any CPU
		{E5EAEA70-541C-4F98-9D04-EDD9CF48F1B5}.Sc70|Any CPU.Build.0 = Release|Any CPU
		{E5EAEA70-541C-4F98-9D04-EDD9CF48F1B5}.Sc71|Any CPU.ActiveCfg = Release|Any CPU
		{E5EAEA70-541C-4F98-9D04-EDD9CF48F1B5}.Sc71|Any CPU.Build.0 = Release|Any CPU
		{E5EAEA70-541C-4F98-9D04-EDD9CF48F1B5}.Sc72|Any CPU.ActiveCfg = Release|Any CPU
		{E5EAEA70-541C-4F98-9D04-EDD9CF48F1B5}.Sc72|Any CPU.Build.0 = Release|Any CPU
		{E5EAEA70-541C-4F98-9D04-EDD9CF48F1B5}.Sc75|Any CPU.ActiveCfg = Release|Any CPU
		{E5EAEA70-541C-4F98-9D04-EDD9CF48F1B5}.Sc75|Any CPU.Build.0 = Release|Any CPU
		{E5EAEA70-541C-4F98-9D04-EDD9CF48F1B5}.Sc80|Any CPU.ActiveCfg = Release|Any CPU
		{E5EAEA70-541C-4F98-9D04-EDD9CF48F1B5}.Sc80|Any CPU.Build.0 = Release|Any CPU
		{E5EAEA70-541C-4F98-9D04-EDD9CF48F1B5}.Sc81|Any CPU.ActiveCfg = Release|Any CPU
		{E5EAEA70-541C-4F98-9D04-EDD9CF48F1B5}.Sc81|Any CPU.Build.0 = Release|Any CPU
		{E5EAEA70-541C-4F98-9D04-EDD9CF48F1B5}.Sc82|Any CPU.ActiveCfg = Release|Any CPU
		{E5EAEA70-541C-4F98-9D04-EDD9CF48F1B5}.Sc82|Any CPU.Build.0 = Release|Any CPU
		{E5EAEA70-541C-4F98-9D04-EDD9CF48F1B5}.Sc90|Any CPU.ActiveCfg = Release|Any CPU
		{E5EAEA70-541C-4F98-9D04-EDD9CF48F1B5}.Sc90|Any CPU.Build.0 = Release|Any CPU
		{E5EAEA70-541C-4F98-9D04-EDD9CF48F1B5}.Sc91|Any CPU.ActiveCfg = Release|Any CPU
		{E5EAEA70-541C-4F98-9D04-EDD9CF48F1B5}.Sc91|Any CPU.Build.0 = Release|Any CPU
		{E5EAEA70-541C-4F98-9D04-EDD9CF48F1B5}.Sc92|Any CPU.ActiveCfg = Debug|Any CPU
		{E5EAEA70-541C-4F98-9D04-EDD9CF48F1B5}.Sc92|Any CPU.Build.0 = Debug|Any CPU
		{E5EAEA70-541C-4F98-9D04-EDD9CF48F1B5}.Sc93|Any CPU.ActiveCfg = Debug|Any CPU
		{E5EAEA70-541C-4F98-9D04-EDD9CF48F1B5}.Sc93|Any CPU.Build.0 = Debug|Any CPU
	EndGlobalSection
	GlobalSection(SolutionProperties) = preSolution
		HideSolutionNode = FALSE
	EndGlobalSection
	GlobalSection(NestedProjects) = preSolution
		{43520702-B92E-4A67-8CE5-1B3246DC9D75} = {2CDDAA46-B9F4-4965-AA06-57F2457BF785}
		{184BB116-635E-470B-8343-7605D4BA684E} = {2CDDAA46-B9F4-4965-AA06-57F2457BF785}
		{21D9A6AB-A672-4F18-8B93-A3AE0B3791AE} = {184BB116-635E-470B-8343-7605D4BA684E}
		{566109ED-A88A-467E-BDDB-BBF7F831A006} = {169BE730-8C91-4A4D-BB74-46E2FA4ADAC6}
		{0B8E0B06-46B8-4794-862F-73B391F8B1A1} = {169BE730-8C91-4A4D-BB74-46E2FA4ADAC6}
		{728CF1A7-0F06-4464-B434-33A982D97C82} = {43520702-B92E-4A67-8CE5-1B3246DC9D75}
		{BB82676E-FB23-497B-9B81-B04DEC16D530} = {733749DF-44C8-484B-B5FB-6EDF785BAB83}
		{47FF9E2D-AB07-494C-8B87-CBA26C7EC451} = {733749DF-44C8-484B-B5FB-6EDF785BAB83}
		{CE1CC8D6-60CC-4DCA-9B6C-0256778D107A} = {169BE730-8C91-4A4D-BB74-46E2FA4ADAC6}
		{F872CEFA-8F7B-4703-ADAB-49B8081B8EBE} = {169BE730-8C91-4A4D-BB74-46E2FA4ADAC6}
		{45B9EEB9-4683-4144-9876-5F4F7CD40B04} = {733749DF-44C8-484B-B5FB-6EDF785BAB83}
		{93828C18-FFB1-4597-86C9-CA3B462AD4E0} = {43520702-B92E-4A67-8CE5-1B3246DC9D75}
		{3EEF523D-F61C-4DD3-BBE1-C22BE90AFF3F} = {43520702-B92E-4A67-8CE5-1B3246DC9D75}
		{D03EFAFB-E535-45D3-96C9-52D1F5B35B87} = {43520702-B92E-4A67-8CE5-1B3246DC9D75}
		{F1095B93-944C-44FD-AB13-B952CD7E8E68} = {43520702-B92E-4A67-8CE5-1B3246DC9D75}
		{1D32E144-84DF-45D4-8047-E227A736C0C4} = {169BE730-8C91-4A4D-BB74-46E2FA4ADAC6}
		{E5EAEA70-541C-4F98-9D04-EDD9CF48F1B5} = {43520702-B92E-4A67-8CE5-1B3246DC9D75}
	EndGlobalSection
	GlobalSection(ExtensibilityGlobals) = postSolution
		SolutionGuid = {391D2B9B-CF30-4596-9DCF-16854B70E6B1}
	EndGlobalSection
EndGlobal
