
Microsoft Visual Studio Solution File, Format Version 12.00
# Visual Studio 2012
Project("{2150E333-8FDC-42A3-9474-1A3956D46DE8}") = "Source", "Source", "{169BE730-8C91-4A4D-BB74-46E2FA4ADAC6}"
EndProject
Project("{2150E333-8FDC-42A3-9474-1A3956D46DE8}") = "Tests", "Tests", "{2CDDAA46-B9F4-4965-AA06-57F2457BF785}"
	ProjectSection(SolutionItems) = preProject
		Tests\Glass.Mapper.Config = Tests\Glass.Mapper.Config
		Tests\Glass.Mapper.nunit = Tests\Glass.Mapper.nunit
	EndProjectSection
EndProject
Project("{2150E333-8FDC-42A3-9474-1A3956D46DE8}") = "Unit Tests", "Unit Tests", "{43520702-B92E-4A67-8CE5-1B3246DC9D75}"
EndProject
Project("{2150E333-8FDC-42A3-9474-1A3956D46DE8}") = "Integration Tests", "Integration Tests", "{184BB116-635E-470B-8343-7605D4BA684E}"
EndProject
Project("{2150E333-8FDC-42A3-9474-1A3956D46DE8}") = "Sitecore", "Sitecore", "{21D9A6AB-A672-4F18-8B93-A3AE0B3791AE}"
EndProject
Project("{2150E333-8FDC-42A3-9474-1A3956D46DE8}") = "Umbraco", "Umbraco", "{710154AE-11A9-4150-B02F-C2F20BE71C8B}"
EndProject
Project("{FAE04EC0-301F-11D3-BF4B-00C04F79EFBC}") = "Glass.Mapper", "Source\Glass.Mapper\Glass.Mapper.csproj", "{566109ED-A88A-467E-BDDB-BBF7F831A006}"
EndProject
Project("{FAE04EC0-301F-11D3-BF4B-00C04F79EFBC}") = "Glass.Mapper.Sc", "Source\Glass.Mapper.Sc\Glass.Mapper.Sc.csproj", "{0B8E0B06-46B8-4794-862F-73B391F8B1A1}"
EndProject
Project("{FAE04EC0-301F-11D3-BF4B-00C04F79EFBC}") = "Glass.Mapper.Umb", "Source\Glass.Mapper.Umb\Glass.Mapper.Umb.csproj", "{7BFBD78C-70AF-45B3-83BD-B5F9B0DE2FBF}"
EndProject
Project("{FAE04EC0-301F-11D3-BF4B-00C04F79EFBC}") = "Glass.Mapper.Tests", "Tests\Unit Tests\Glass.Mapper.Tests\Glass.Mapper.Tests.csproj", "{728CF1A7-0F06-4464-B434-33A982D97C82}"
EndProject
Project("{FAE04EC0-301F-11D3-BF4B-00C04F79EFBC}") = "Glass.Mapper.Sc.Tests", "Tests\Unit Tests\Glass.Mapper.Sc.Tests\Glass.Mapper.Sc.Tests.csproj", "{38DB0F01-9232-45BE-BC14-8DEDB738D538}"
EndProject
Project("{FAE04EC0-301F-11D3-BF4B-00C04F79EFBC}") = "Glass.Mapper.Umb.Tests", "Tests\Unit Tests\Glass.Mapper.Umb.Tests\Glass.Mapper.Umb.Tests.csproj", "{5BE06222-6401-40C5-B6D2-617D4C35D99F}"
EndProject
Project("{FAE04EC0-301F-11D3-BF4B-00C04F79EFBC}") = "Glass.Mapper.Sc.Integration", "Tests\Integration Tests\Sitecore\Glass.Mapper.Sc.Integration\Glass.Mapper.Sc.Integration.csproj", "{ED059096-C6AC-42AA-B0B2-74104E1AF861}"
EndProject
Project("{FAE04EC0-301F-11D3-BF4B-00C04F79EFBC}") = "Glass.Mapper.Umb.Integration", "Tests\Integration Tests\Umbraco\Glass.Mapper.Umb.Integration\Glass.Mapper.Umb.Integration.csproj", "{F6C553A6-5021-4903-8EE2-9F3B0E23C5B9}"
EndProject
Project("{CAA73BB0-EF22-4D79-A57E-DF67B3BA9C80}") = "Glass.Mapper.Sc.Integration.Tds", "Tests\Integration Tests\Sitecore\Glass.Mapper.Sc.Integration.Tds\Glass.Mapper.Sc.Integration.Tds.scproj", "{FEE6B0E9-B4A4-404C-9236-4396B2261C17}"
EndProject
Project("{FAE04EC0-301F-11D3-BF4B-00C04F79EFBC}") = "Glass.Mapper.Sc.Website", "Source\Glass.Mapper.Sc.Website\Glass.Mapper.Sc.Website.csproj", "{93420975-6370-4E1F-BC3C-9F9B4EEECEB1}"
EndProject
Project("{2150E333-8FDC-42A3-9474-1A3956D46DE8}") = ".nuget", ".nuget", "{0BA8AB6D-CC44-442B-A62A-F5F511623190}"
	ProjectSection(SolutionItems) = preProject
		.nuget\NuGet.Config = .nuget\NuGet.Config
		.nuget\NuGet.exe = .nuget\NuGet.exe
		.nuget\NuGet.targets = .nuget\NuGet.targets
		.nuget\packages.config = .nuget\packages.config
	EndProjectSection
EndProject
Project("{2150E333-8FDC-42A3-9474-1A3956D46DE8}") = "Powershell", "Powershell", "{733749DF-44C8-484B-B5FB-6EDF785BAB83}"
EndProject
Project("{2150E333-8FDC-42A3-9474-1A3956D46DE8}") = "Copyright", "Copyright", "{BB82676E-FB23-497B-9B81-B04DEC16D530}"
	ProjectSection(SolutionItems) = preProject
		Powershell\Copyright\copyright-cs.ps1 = Powershell\Copyright\copyright-cs.ps1
	EndProjectSection
EndProject
Project("{2150E333-8FDC-42A3-9474-1A3956D46DE8}") = "BuildScripts", "BuildScripts", "{47FF9E2D-AB07-494C-8B87-CBA26C7EC451}"
	ProjectSection(SolutionItems) = preProject
		Powershell\BuildScripts\build-debug.proj = Powershell\BuildScripts\build-debug.proj
		Powershell\BuildScripts\build-release.proj = Powershell\BuildScripts\build-release.proj
		Powershell\BuildScripts\build.ps1 = Powershell\BuildScripts\build.ps1
		Powershell\BuildScripts\Glass.Mapper.Sc.CastleWindsor.symbols.nuspec = Powershell\BuildScripts\Glass.Mapper.Sc.CastleWindsor.symbols.nuspec
		Powershell\BuildScripts\Glass.Mapper.Sc.Mvc-3.symbols.nuspec = Powershell\BuildScripts\Glass.Mapper.Sc.Mvc-3.symbols.nuspec
		Powershell\BuildScripts\Glass.Mapper.Sc.Mvc-4.symbols.nuspec = Powershell\BuildScripts\Glass.Mapper.Sc.Mvc-4.symbols.nuspec
		Powershell\BuildScripts\Glass.Mapper.Sc.Mvc-5.symbols.nuspec = Powershell\BuildScripts\Glass.Mapper.Sc.Mvc-5.symbols.nuspec
		Powershell\BuildScripts\Glass.Mapper.Sc.Razor.CastleWindsor.symbols.nuspec = Powershell\BuildScripts\Glass.Mapper.Sc.Razor.CastleWindsor.symbols.nuspec
		Powershell\BuildScripts\Glass.Mapper.Sc.Razor.symbols.nuspec = Powershell\BuildScripts\Glass.Mapper.Sc.Razor.symbols.nuspec
		Powershell\BuildScripts\Glass.Mapper.Sc.symbols.nuspec = Powershell\BuildScripts\Glass.Mapper.Sc.symbols.nuspec
		Powershell\BuildScripts\Glass.Mapper.Sc.Upgrade.symbols.nuspec = Powershell\BuildScripts\Glass.Mapper.Sc.Upgrade.symbols.nuspec
		Powershell\BuildScripts\Glass.Mapper.symbols.nuspec = Powershell\BuildScripts\Glass.Mapper.symbols.nuspec
		Powershell\BuildScripts\Glass.Mapper.Umb.CastleWindsor.symbols.nuspec = Powershell\BuildScripts\Glass.Mapper.Umb.CastleWindsor.symbols.nuspec
		Powershell\BuildScripts\Glass.Mapper.Umb.symbols.nuspec = Powershell\BuildScripts\Glass.Mapper.Umb.symbols.nuspec
		Powershell\BuildScripts\NuGet.exe = Powershell\BuildScripts\NuGet.exe
		Powershell\BuildScripts\utilities.ps1 = Powershell\BuildScripts\utilities.ps1
	EndProjectSection
EndProject
Project("{FAE04EC0-301F-11D3-BF4B-00C04F79EFBC}") = "Glass.Mapper.Sc.Razor", "Source\Glass.Mapper.Sc.Razor\Glass.Mapper.Sc.Razor.csproj", "{717C4ADB-B71A-4DFF-BEC5-AFD343776194}"
EndProject
Project("{FAE04EC0-301F-11D3-BF4B-00C04F79EFBC}") = "Glass.Mapper.Sc.Razor.Website", "Source\Glass.Mapper.Sc.Razor.Website\Glass.Mapper.Sc.Razor.Website.csproj", "{33CF6142-8D66-431C-9B4B-C6E65BBFB1BE}"
EndProject
Project("{CAA73BB0-EF22-4D79-A57E-DF67B3BA9C80}") = "Glass.Mapper.Sc.Razor.Tds", "Source\Glass.Mapper.Sc.Razor.Tds\Glass.Mapper.Sc.Razor.Tds.scproj", "{A1C14499-379C-4DBB-AD8F-9DE9D28381A7}"
EndProject
Project("{FAE04EC0-301F-11D3-BF4B-00C04F79EFBC}") = "Glass.Mapper.Sc.CastleWindsor", "Source\Glass.Mapper.Sc.CastleWindsor\Glass.Mapper.Sc.CastleWindsor.csproj", "{54A63D42-1614-4B8F-9DF5-8F1D2998DB9D}"
EndProject
Project("{FAE04EC0-301F-11D3-BF4B-00C04F79EFBC}") = "Glass.Mapper.Umb.CastleWindsor", "Source\Glass.Mapper.Umb.CastleWindsor\Glass.Mapper.Umb.CastleWindsor.csproj", "{53C429E4-2583-4EB9-8226-554C70834E26}"
EndProject
Project("{FAE04EC0-301F-11D3-BF4B-00C04F79EFBC}") = "Glass.Mapper.Sc.CastleWindsor.Tests", "Tests\Unit Tests\Glass.Mapper.Sc.CastleWindsor.Tests\Glass.Mapper.Sc.CastleWindsor.Tests.csproj", "{4ACFDE21-2D89-4A0F-B9C2-3A3FA7071EE3}"
EndProject
Project("{FAE04EC0-301F-11D3-BF4B-00C04F79EFBC}") = "Glass.Mapper.Umb.CastleWindsor.Tests", "Tests\Unit Tests\Glass.Mapper.Umb.CastleWindsor.Tests\Glass.Mapper.Umb.CastleWindsor.Tests.csproj", "{78DAC667-C78D-40A9-BE19-0563836B7163}"
EndProject
Project("{FAE04EC0-301F-11D3-BF4B-00C04F79EFBC}") = "Glass.Mapper.Sc.Razor.CastleWindsor", "Source\Glass.Mapper.Sc.Razor.CastleWindsor\Glass.Mapper.Sc.Razor.CastleWindsor.csproj", "{468D2D00-F5F6-41C2-A67E-D16AA3F2E4C3}"
EndProject
Project("{FAE04EC0-301F-11D3-BF4B-00C04F79EFBC}") = "Glass.Mapper.Sc.ContentSearch.LuceneProvider", "Source\Glass.Mapper.Sc.ContentSearch.LuceneProvider\Glass.Mapper.Sc.ContentSearch.LuceneProvider.csproj", "{43C186EB-F6ED-4ADE-941E-EC465B976646}"
EndProject
Project("{FAE04EC0-301F-11D3-BF4B-00C04F79EFBC}") = "Glass.Mapper.Sc.ContentSearch", "Source\Glass.Mapper.Sc.ContentSearch\Glass.Mapper.Sc.ContentSearch.csproj", "{CE1CC8D6-60CC-4DCA-9B6C-0256778D107A}"
Project("{FAE04EC0-301F-11D3-BF4B-00C04F79EFBC}") = "Glass.Mapper.Sc.Integration.ThirdParty", "Tests\Integration Tests\Sitecore\Glass.Mapper.Sc.Integration.ThirdParty\Glass.Mapper.Sc.Integration.ThirdParty.csproj", "{032A1EC4-D28D-495C-9796-40EE3DA190ED}"
EndProject
Project("{FAE04EC0-301F-11D3-BF4B-00C04F79EFBC}") = "Glass.Mapper.Sc.Integration.Sc7", "Tests\Integration Tests\Sitecore\Glass.Mapper.Sc.Integration.Sc7\Glass.Mapper.Sc.Integration.Sc7.csproj", "{1F3F21BC-69D3-4210-9BA4-21FE7CC0DDAF}"
EndProject
Project("{FAE04EC0-301F-11D3-BF4B-00C04F79EFBC}") = "Glass.Mapper.Sc.Mvc", "Source\Glass.Mapper.Sc.Mvc\Glass.Mapper.Sc.Mvc.csproj", "{F872CEFA-8F7B-4703-ADAB-49B8081B8EBE}"
EndProject
Global
	GlobalSection(SolutionConfigurationPlatforms) = preSolution
		Debug|Any CPU = Debug|Any CPU
		Net45|Any CPU = Net45|Any CPU
		Release|Any CPU = Release|Any CPU
	EndGlobalSection
	GlobalSection(ProjectConfigurationPlatforms) = postSolution
		{566109ED-A88A-467E-BDDB-BBF7F831A006}.Debug|Any CPU.ActiveCfg = Debug|Any CPU
		{566109ED-A88A-467E-BDDB-BBF7F831A006}.Debug|Any CPU.Build.0 = Debug|Any CPU
		{566109ED-A88A-467E-BDDB-BBF7F831A006}.Net45|Any CPU.ActiveCfg = Net45|Any CPU
		{566109ED-A88A-467E-BDDB-BBF7F831A006}.Net45|Any CPU.Build.0 = Net45|Any CPU
		{566109ED-A88A-467E-BDDB-BBF7F831A006}.Release|Any CPU.ActiveCfg = Release|Any CPU
		{566109ED-A88A-467E-BDDB-BBF7F831A006}.Release|Any CPU.Build.0 = Release|Any CPU
		{0B8E0B06-46B8-4794-862F-73B391F8B1A1}.Debug|Any CPU.ActiveCfg = Debug|Any CPU
		{0B8E0B06-46B8-4794-862F-73B391F8B1A1}.Debug|Any CPU.Build.0 = Debug|Any CPU
		{0B8E0B06-46B8-4794-862F-73B391F8B1A1}.Net45|Any CPU.ActiveCfg = Net45|Any CPU
		{0B8E0B06-46B8-4794-862F-73B391F8B1A1}.Net45|Any CPU.Build.0 = Net45|Any CPU
		{0B8E0B06-46B8-4794-862F-73B391F8B1A1}.Release|Any CPU.ActiveCfg = Release|Any CPU
		{0B8E0B06-46B8-4794-862F-73B391F8B1A1}.Release|Any CPU.Build.0 = Release|Any CPU
		{7BFBD78C-70AF-45B3-83BD-B5F9B0DE2FBF}.Debug|Any CPU.ActiveCfg = Debug|Any CPU
		{7BFBD78C-70AF-45B3-83BD-B5F9B0DE2FBF}.Debug|Any CPU.Build.0 = Debug|Any CPU
		{7BFBD78C-70AF-45B3-83BD-B5F9B0DE2FBF}.Net45|Any CPU.ActiveCfg = Net45|Any CPU
		{7BFBD78C-70AF-45B3-83BD-B5F9B0DE2FBF}.Net45|Any CPU.Build.0 = Net45|Any CPU
		{7BFBD78C-70AF-45B3-83BD-B5F9B0DE2FBF}.Release|Any CPU.ActiveCfg = Release|Any CPU
		{7BFBD78C-70AF-45B3-83BD-B5F9B0DE2FBF}.Release|Any CPU.Build.0 = Release|Any CPU
		{728CF1A7-0F06-4464-B434-33A982D97C82}.Debug|Any CPU.ActiveCfg = Debug|Any CPU
		{728CF1A7-0F06-4464-B434-33A982D97C82}.Debug|Any CPU.Build.0 = Debug|Any CPU
		{728CF1A7-0F06-4464-B434-33A982D97C82}.Net45|Any CPU.ActiveCfg = Net45|Any CPU
		{728CF1A7-0F06-4464-B434-33A982D97C82}.Net45|Any CPU.Build.0 = Net45|Any CPU
		{728CF1A7-0F06-4464-B434-33A982D97C82}.Release|Any CPU.ActiveCfg = Release|Any CPU
		{728CF1A7-0F06-4464-B434-33A982D97C82}.Release|Any CPU.Build.0 = Release|Any CPU
		{38DB0F01-9232-45BE-BC14-8DEDB738D538}.Debug|Any CPU.ActiveCfg = Debug|Any CPU
		{38DB0F01-9232-45BE-BC14-8DEDB738D538}.Debug|Any CPU.Build.0 = Debug|Any CPU
		{38DB0F01-9232-45BE-BC14-8DEDB738D538}.Net45|Any CPU.ActiveCfg = Net45|Any CPU
		{38DB0F01-9232-45BE-BC14-8DEDB738D538}.Net45|Any CPU.Build.0 = Net45|Any CPU
		{38DB0F01-9232-45BE-BC14-8DEDB738D538}.Release|Any CPU.ActiveCfg = Release|Any CPU
		{38DB0F01-9232-45BE-BC14-8DEDB738D538}.Release|Any CPU.Build.0 = Release|Any CPU
		{5BE06222-6401-40C5-B6D2-617D4C35D99F}.Debug|Any CPU.ActiveCfg = Debug|Any CPU
		{5BE06222-6401-40C5-B6D2-617D4C35D99F}.Debug|Any CPU.Build.0 = Debug|Any CPU
		{5BE06222-6401-40C5-B6D2-617D4C35D99F}.Net45|Any CPU.ActiveCfg = Net45|Any CPU
		{5BE06222-6401-40C5-B6D2-617D4C35D99F}.Net45|Any CPU.Build.0 = Net45|Any CPU
		{5BE06222-6401-40C5-B6D2-617D4C35D99F}.Release|Any CPU.ActiveCfg = Release|Any CPU
		{5BE06222-6401-40C5-B6D2-617D4C35D99F}.Release|Any CPU.Build.0 = Release|Any CPU
		{ED059096-C6AC-42AA-B0B2-74104E1AF861}.Debug|Any CPU.ActiveCfg = Debug|Any CPU
		{ED059096-C6AC-42AA-B0B2-74104E1AF861}.Debug|Any CPU.Build.0 = Debug|Any CPU
		{ED059096-C6AC-42AA-B0B2-74104E1AF861}.Net45|Any CPU.ActiveCfg = Net45|Any CPU
		{ED059096-C6AC-42AA-B0B2-74104E1AF861}.Net45|Any CPU.Build.0 = Net45|Any CPU
		{ED059096-C6AC-42AA-B0B2-74104E1AF861}.Release|Any CPU.ActiveCfg = Release|Any CPU
		{ED059096-C6AC-42AA-B0B2-74104E1AF861}.Release|Any CPU.Build.0 = Release|Any CPU
		{F6C553A6-5021-4903-8EE2-9F3B0E23C5B9}.Debug|Any CPU.ActiveCfg = Debug|Any CPU
		{F6C553A6-5021-4903-8EE2-9F3B0E23C5B9}.Debug|Any CPU.Build.0 = Debug|Any CPU
		{F6C553A6-5021-4903-8EE2-9F3B0E23C5B9}.Net45|Any CPU.ActiveCfg = Net45|Any CPU
		{F6C553A6-5021-4903-8EE2-9F3B0E23C5B9}.Net45|Any CPU.Build.0 = Net45|Any CPU
		{F6C553A6-5021-4903-8EE2-9F3B0E23C5B9}.Release|Any CPU.ActiveCfg = Release|Any CPU
		{F6C553A6-5021-4903-8EE2-9F3B0E23C5B9}.Release|Any CPU.Build.0 = Release|Any CPU
		{FEE6B0E9-B4A4-404C-9236-4396B2261C17}.Debug|Any CPU.ActiveCfg = Debug|Any CPU
		{FEE6B0E9-B4A4-404C-9236-4396B2261C17}.Net45|Any CPU.ActiveCfg = Net45|Any CPU
		{FEE6B0E9-B4A4-404C-9236-4396B2261C17}.Release|Any CPU.ActiveCfg = Release|Any CPU
		{93420975-6370-4E1F-BC3C-9F9B4EEECEB1}.Debug|Any CPU.ActiveCfg = Debug|Any CPU
		{93420975-6370-4E1F-BC3C-9F9B4EEECEB1}.Debug|Any CPU.Build.0 = Debug|Any CPU
		{93420975-6370-4E1F-BC3C-9F9B4EEECEB1}.Net45|Any CPU.ActiveCfg = Net45|Any CPU
		{93420975-6370-4E1F-BC3C-9F9B4EEECEB1}.Net45|Any CPU.Build.0 = Net45|Any CPU
		{93420975-6370-4E1F-BC3C-9F9B4EEECEB1}.Release|Any CPU.ActiveCfg = Release|Any CPU
		{93420975-6370-4E1F-BC3C-9F9B4EEECEB1}.Release|Any CPU.Build.0 = Release|Any CPU
		{717C4ADB-B71A-4DFF-BEC5-AFD343776194}.Debug|Any CPU.ActiveCfg = Debug|Any CPU
		{717C4ADB-B71A-4DFF-BEC5-AFD343776194}.Debug|Any CPU.Build.0 = Debug|Any CPU
		{717C4ADB-B71A-4DFF-BEC5-AFD343776194}.Net45|Any CPU.ActiveCfg = Net45|Any CPU
		{717C4ADB-B71A-4DFF-BEC5-AFD343776194}.Net45|Any CPU.Build.0 = Net45|Any CPU
		{717C4ADB-B71A-4DFF-BEC5-AFD343776194}.Release|Any CPU.ActiveCfg = Release|Any CPU
		{717C4ADB-B71A-4DFF-BEC5-AFD343776194}.Release|Any CPU.Build.0 = Release|Any CPU
		{33CF6142-8D66-431C-9B4B-C6E65BBFB1BE}.Debug|Any CPU.ActiveCfg = Debug|Any CPU
		{33CF6142-8D66-431C-9B4B-C6E65BBFB1BE}.Debug|Any CPU.Build.0 = Debug|Any CPU
		{33CF6142-8D66-431C-9B4B-C6E65BBFB1BE}.Net45|Any CPU.ActiveCfg = Net45|Any CPU
		{33CF6142-8D66-431C-9B4B-C6E65BBFB1BE}.Net45|Any CPU.Build.0 = Net45|Any CPU
		{33CF6142-8D66-431C-9B4B-C6E65BBFB1BE}.Release|Any CPU.ActiveCfg = Release|Any CPU
		{33CF6142-8D66-431C-9B4B-C6E65BBFB1BE}.Release|Any CPU.Build.0 = Release|Any CPU
		{A1C14499-379C-4DBB-AD8F-9DE9D28381A7}.Debug|Any CPU.ActiveCfg = Debug|Any CPU
		{A1C14499-379C-4DBB-AD8F-9DE9D28381A7}.Net45|Any CPU.ActiveCfg = Net45|Any CPU
		{A1C14499-379C-4DBB-AD8F-9DE9D28381A7}.Release|Any CPU.ActiveCfg = Release|Any CPU
		{A1C14499-379C-4DBB-AD8F-9DE9D28381A7}.Release|Any CPU.Build.0 = Release|Any CPU
		{A1C14499-379C-4DBB-AD8F-9DE9D28381A7}.Release|Any CPU.Deploy.0 = Release|Any CPU
		{54A63D42-1614-4B8F-9DF5-8F1D2998DB9D}.Debug|Any CPU.ActiveCfg = Debug|Any CPU
		{54A63D42-1614-4B8F-9DF5-8F1D2998DB9D}.Debug|Any CPU.Build.0 = Debug|Any CPU
		{54A63D42-1614-4B8F-9DF5-8F1D2998DB9D}.Net45|Any CPU.ActiveCfg = Net45|Any CPU
		{54A63D42-1614-4B8F-9DF5-8F1D2998DB9D}.Net45|Any CPU.Build.0 = Net45|Any CPU
		{54A63D42-1614-4B8F-9DF5-8F1D2998DB9D}.Release|Any CPU.ActiveCfg = Release|Any CPU
		{54A63D42-1614-4B8F-9DF5-8F1D2998DB9D}.Release|Any CPU.Build.0 = Release|Any CPU
		{53C429E4-2583-4EB9-8226-554C70834E26}.Debug|Any CPU.ActiveCfg = Debug|Any CPU
		{53C429E4-2583-4EB9-8226-554C70834E26}.Debug|Any CPU.Build.0 = Debug|Any CPU
		{53C429E4-2583-4EB9-8226-554C70834E26}.Net45|Any CPU.ActiveCfg = Net45|Any CPU
		{53C429E4-2583-4EB9-8226-554C70834E26}.Net45|Any CPU.Build.0 = Net45|Any CPU
		{53C429E4-2583-4EB9-8226-554C70834E26}.Release|Any CPU.ActiveCfg = Release|Any CPU
		{53C429E4-2583-4EB9-8226-554C70834E26}.Release|Any CPU.Build.0 = Release|Any CPU
		{4ACFDE21-2D89-4A0F-B9C2-3A3FA7071EE3}.Debug|Any CPU.ActiveCfg = Debug|Any CPU
		{4ACFDE21-2D89-4A0F-B9C2-3A3FA7071EE3}.Debug|Any CPU.Build.0 = Debug|Any CPU
		{4ACFDE21-2D89-4A0F-B9C2-3A3FA7071EE3}.Net45|Any CPU.ActiveCfg = Net45|Any CPU
		{4ACFDE21-2D89-4A0F-B9C2-3A3FA7071EE3}.Net45|Any CPU.Build.0 = Net45|Any CPU
		{4ACFDE21-2D89-4A0F-B9C2-3A3FA7071EE3}.Release|Any CPU.ActiveCfg = Release|Any CPU
		{4ACFDE21-2D89-4A0F-B9C2-3A3FA7071EE3}.Release|Any CPU.Build.0 = Release|Any CPU
		{78DAC667-C78D-40A9-BE19-0563836B7163}.Debug|Any CPU.ActiveCfg = Debug|Any CPU
		{78DAC667-C78D-40A9-BE19-0563836B7163}.Debug|Any CPU.Build.0 = Debug|Any CPU
		{78DAC667-C78D-40A9-BE19-0563836B7163}.Net45|Any CPU.ActiveCfg = Net45|Any CPU
		{78DAC667-C78D-40A9-BE19-0563836B7163}.Net45|Any CPU.Build.0 = Net45|Any CPU
		{78DAC667-C78D-40A9-BE19-0563836B7163}.Release|Any CPU.ActiveCfg = Release|Any CPU
		{78DAC667-C78D-40A9-BE19-0563836B7163}.Release|Any CPU.Build.0 = Release|Any CPU
		{468D2D00-F5F6-41C2-A67E-D16AA3F2E4C3}.Debug|Any CPU.ActiveCfg = Debug|Any CPU
		{468D2D00-F5F6-41C2-A67E-D16AA3F2E4C3}.Debug|Any CPU.Build.0 = Debug|Any CPU
		{468D2D00-F5F6-41C2-A67E-D16AA3F2E4C3}.Net45|Any CPU.ActiveCfg = Net45|Any CPU
		{468D2D00-F5F6-41C2-A67E-D16AA3F2E4C3}.Net45|Any CPU.Build.0 = Net45|Any CPU
		{468D2D00-F5F6-41C2-A67E-D16AA3F2E4C3}.Release|Any CPU.ActiveCfg = Release|Any CPU
		{468D2D00-F5F6-41C2-A67E-D16AA3F2E4C3}.Release|Any CPU.Build.0 = Release|Any CPU
		{43C186EB-F6ED-4ADE-941E-EC465B976646}.Debug|Any CPU.ActiveCfg = Debug|Any CPU
		{43C186EB-F6ED-4ADE-941E-EC465B976646}.Debug|Any CPU.Build.0 = Debug|Any CPU
		{43C186EB-F6ED-4ADE-941E-EC465B976646}.Release|Any CPU.ActiveCfg = Release|Any CPU
		{43C186EB-F6ED-4ADE-941E-EC465B976646}.Release|Any CPU.Build.0 = Release|Any CPU
		{CE1CC8D6-60CC-4DCA-9B6C-0256778D107A}.Debug|Any CPU.ActiveCfg = Debug|Any CPU
		{CE1CC8D6-60CC-4DCA-9B6C-0256778D107A}.Debug|Any CPU.Build.0 = Debug|Any CPU
		{CE1CC8D6-60CC-4DCA-9B6C-0256778D107A}.Release|Any CPU.ActiveCfg = Release|Any CPU
		{CE1CC8D6-60CC-4DCA-9B6C-0256778D107A}.Release|Any CPU.Build.0 = Release|Any CPU
		{032A1EC4-D28D-495C-9796-40EE3DA190ED}.Debug|Any CPU.ActiveCfg = Debug|Any CPU
		{032A1EC4-D28D-495C-9796-40EE3DA190ED}.Debug|Any CPU.Build.0 = Debug|Any CPU
		{032A1EC4-D28D-495C-9796-40EE3DA190ED}.Net45|Any CPU.ActiveCfg = Net45|Any CPU
		{032A1EC4-D28D-495C-9796-40EE3DA190ED}.Net45|Any CPU.Build.0 = Net45|Any CPU
		{032A1EC4-D28D-495C-9796-40EE3DA190ED}.Release|Any CPU.ActiveCfg = Release|Any CPU
		{032A1EC4-D28D-495C-9796-40EE3DA190ED}.Release|Any CPU.Build.0 = Release|Any CPU
		{1F3F21BC-69D3-4210-9BA4-21FE7CC0DDAF}.Debug|Any CPU.ActiveCfg = Debug|Any CPU
		{1F3F21BC-69D3-4210-9BA4-21FE7CC0DDAF}.Debug|Any CPU.Build.0 = Debug|Any CPU
		{1F3F21BC-69D3-4210-9BA4-21FE7CC0DDAF}.Net45|Any CPU.ActiveCfg = Net45|Any CPU
		{1F3F21BC-69D3-4210-9BA4-21FE7CC0DDAF}.Net45|Any CPU.Build.0 = Net45|Any CPU
		{1F3F21BC-69D3-4210-9BA4-21FE7CC0DDAF}.Release|Any CPU.ActiveCfg = Release|Any CPU
		{1F3F21BC-69D3-4210-9BA4-21FE7CC0DDAF}.Release|Any CPU.Build.0 = Release|Any CPU
		{F872CEFA-8F7B-4703-ADAB-49B8081B8EBE}.Debug|Any CPU.ActiveCfg = Debug|Any CPU
		{F872CEFA-8F7B-4703-ADAB-49B8081B8EBE}.Debug|Any CPU.Build.0 = Debug|Any CPU
		{F872CEFA-8F7B-4703-ADAB-49B8081B8EBE}.Net45|Any CPU.ActiveCfg = Net45|Any CPU
		{F872CEFA-8F7B-4703-ADAB-49B8081B8EBE}.Net45|Any CPU.Build.0 = Net45|Any CPU
		{F872CEFA-8F7B-4703-ADAB-49B8081B8EBE}.Release|Any CPU.ActiveCfg = Release|Any CPU
		{F872CEFA-8F7B-4703-ADAB-49B8081B8EBE}.Release|Any CPU.Build.0 = Release|Any CPU
	EndGlobalSection
	GlobalSection(SolutionProperties) = preSolution
		HideSolutionNode = FALSE
	EndGlobalSection
	GlobalSection(NestedProjects) = preSolution
		{566109ED-A88A-467E-BDDB-BBF7F831A006} = {169BE730-8C91-4A4D-BB74-46E2FA4ADAC6}
		{0B8E0B06-46B8-4794-862F-73B391F8B1A1} = {169BE730-8C91-4A4D-BB74-46E2FA4ADAC6}
		{7BFBD78C-70AF-45B3-83BD-B5F9B0DE2FBF} = {169BE730-8C91-4A4D-BB74-46E2FA4ADAC6}
		{93420975-6370-4E1F-BC3C-9F9B4EEECEB1} = {169BE730-8C91-4A4D-BB74-46E2FA4ADAC6}
		{717C4ADB-B71A-4DFF-BEC5-AFD343776194} = {169BE730-8C91-4A4D-BB74-46E2FA4ADAC6}
		{33CF6142-8D66-431C-9B4B-C6E65BBFB1BE} = {169BE730-8C91-4A4D-BB74-46E2FA4ADAC6}
		{A1C14499-379C-4DBB-AD8F-9DE9D28381A7} = {169BE730-8C91-4A4D-BB74-46E2FA4ADAC6}
		{54A63D42-1614-4B8F-9DF5-8F1D2998DB9D} = {169BE730-8C91-4A4D-BB74-46E2FA4ADAC6}
		{53C429E4-2583-4EB9-8226-554C70834E26} = {169BE730-8C91-4A4D-BB74-46E2FA4ADAC6}
		{468D2D00-F5F6-41C2-A67E-D16AA3F2E4C3} = {169BE730-8C91-4A4D-BB74-46E2FA4ADAC6}
		{43C186EB-F6ED-4ADE-941E-EC465B976646} = {169BE730-8C91-4A4D-BB74-46E2FA4ADAC6}
		{CE1CC8D6-60CC-4DCA-9B6C-0256778D107A} = {169BE730-8C91-4A4D-BB74-46E2FA4ADAC6}
		{F872CEFA-8F7B-4703-ADAB-49B8081B8EBE} = {169BE730-8C91-4A4D-BB74-46E2FA4ADAC6}
		{43520702-B92E-4A67-8CE5-1B3246DC9D75} = {2CDDAA46-B9F4-4965-AA06-57F2457BF785}
		{184BB116-635E-470B-8343-7605D4BA684E} = {2CDDAA46-B9F4-4965-AA06-57F2457BF785}
		{728CF1A7-0F06-4464-B434-33A982D97C82} = {43520702-B92E-4A67-8CE5-1B3246DC9D75}
		{38DB0F01-9232-45BE-BC14-8DEDB738D538} = {43520702-B92E-4A67-8CE5-1B3246DC9D75}
		{5BE06222-6401-40C5-B6D2-617D4C35D99F} = {43520702-B92E-4A67-8CE5-1B3246DC9D75}
		{4ACFDE21-2D89-4A0F-B9C2-3A3FA7071EE3} = {43520702-B92E-4A67-8CE5-1B3246DC9D75}
		{78DAC667-C78D-40A9-BE19-0563836B7163} = {43520702-B92E-4A67-8CE5-1B3246DC9D75}
		{21D9A6AB-A672-4F18-8B93-A3AE0B3791AE} = {184BB116-635E-470B-8343-7605D4BA684E}
		{710154AE-11A9-4150-B02F-C2F20BE71C8B} = {184BB116-635E-470B-8343-7605D4BA684E}
		{ED059096-C6AC-42AA-B0B2-74104E1AF861} = {21D9A6AB-A672-4F18-8B93-A3AE0B3791AE}
		{FEE6B0E9-B4A4-404C-9236-4396B2261C17} = {21D9A6AB-A672-4F18-8B93-A3AE0B3791AE}
		{032A1EC4-D28D-495C-9796-40EE3DA190ED} = {21D9A6AB-A672-4F18-8B93-A3AE0B3791AE}
		{1F3F21BC-69D3-4210-9BA4-21FE7CC0DDAF} = {21D9A6AB-A672-4F18-8B93-A3AE0B3791AE}
		{F6C553A6-5021-4903-8EE2-9F3B0E23C5B9} = {710154AE-11A9-4150-B02F-C2F20BE71C8B}
		{BB82676E-FB23-497B-9B81-B04DEC16D530} = {733749DF-44C8-484B-B5FB-6EDF785BAB83}
		{47FF9E2D-AB07-494C-8B87-CBA26C7EC451} = {733749DF-44C8-484B-B5FB-6EDF785BAB83}
	EndGlobalSection
EndGlobal
