
Microsoft Visual Studio Solution File, Format Version 11.00
# Visual Studio 2010
Project("{2150E333-8FDC-42A3-9474-1A3956D46DE8}") = "Source", "Source", "{169BE730-8C91-4A4D-BB74-46E2FA4ADAC6}"
EndProject
Project("{FAE04EC0-301F-11D3-BF4B-00C04F79EFBC}") = "Glass.Mapper", "Source\Glass.Mapper\Glass.Mapper.csproj", "{566109ED-A88A-467E-BDDB-BBF7F831A006}"
EndProject
Global
	GlobalSection(SolutionConfigurationPlatforms) = preSolution
		Debug|Any CPU = Debug|Any CPU
		Release|Any CPU = Release|Any CPU
	EndGlobalSection
	GlobalSection(ProjectConfigurationPlatforms) = postSolution
		{566109ED-A88A-467E-BDDB-BBF7F831A006}.Debug|Any CPU.ActiveCfg = Debug|Any CPU
		{566109ED-A88A-467E-BDDB-BBF7F831A006}.Debug|Any CPU.Build.0 = Debug|Any CPU
		{566109ED-A88A-467E-BDDB-BBF7F831A006}.Release|Any CPU.ActiveCfg = Release|Any CPU
		{566109ED-A88A-467E-BDDB-BBF7F831A006}.Release|Any CPU.Build.0 = Release|Any CPU
	EndGlobalSection
	GlobalSection(SolutionProperties) = preSolution
		HideSolutionNode = FALSE
	EndGlobalSection
	GlobalSection(NestedProjects) = preSolution
		{566109ED-A88A-467E-BDDB-BBF7F831A006} = {169BE730-8C91-4A4D-BB74-46E2FA4ADAC6}
	EndGlobalSection
EndGlobal
