
Microsoft Visual Studio Solution File, Format Version 12.00
# Visual Studio 15
VisualStudioVersion = 15.0.26228.4
MinimumVisualStudioVersion = 10.0.40219.1
Project("{2150E333-8FDC-42A3-9474-1A3956D46DE8}") = "Source", "Source", "{169BE730-8C91-4A4D-BB74-46E2FA4ADAC6}"
EndProject
Project("{FAE04EC0-301F-11D3-BF4B-00C04F79EFBC}") = "Glass.Mapper", "Source\Glass.Mapper\Glass.Mapper.csproj", "{566109ED-A88A-467E-BDDB-BBF7F831A006}"
EndProject
Project("{FAE04EC0-301F-11D3-BF4B-00C04F79EFBC}") = "Glass.Mapper.Sc", "Source\Glass.Mapper.Sc\Glass.Mapper.Sc.csproj", "{0B8E0B06-46B8-4794-862F-73B391F8B1A1}"
EndProject
Project("{2150E333-8FDC-42A3-9474-1A3956D46DE8}") = "Powershell", "Powershell", "{733749DF-44C8-484B-B5FB-6EDF785BAB83}"
EndProject
Project("{2150E333-8FDC-42A3-9474-1A3956D46DE8}") = "BuildScripts", "BuildScripts", "{47FF9E2D-AB07-494C-8B87-CBA26C7EC451}"
	ProjectSection(SolutionItems) = preProject
		Powershell\BuildScripts\build-debug.proj = Powershell\BuildScripts\build-debug.proj
		Powershell\BuildScripts\build-release.proj = Powershell\BuildScripts\build-release.proj
		Powershell\BuildScripts\build.ps1 = Powershell\BuildScripts\build.ps1
		Powershell\BuildScripts\Glass.Mapper.nuspec = Powershell\BuildScripts\Glass.Mapper.nuspec
		Powershell\BuildScripts\Glass.Mapper.Sc.Mvc-3.symbols.nuspec = Powershell\BuildScripts\Glass.Mapper.Sc.Mvc-3.symbols.nuspec
		Powershell\BuildScripts\Glass.Mapper.Sc.Mvc-4.symbols.nuspec = Powershell\BuildScripts\Glass.Mapper.Sc.Mvc-4.symbols.nuspec
		Powershell\BuildScripts\Glass.Mapper.Sc.Mvc-5.symbols.nuspec = Powershell\BuildScripts\Glass.Mapper.Sc.Mvc-5.symbols.nuspec
		Powershell\BuildScripts\Glass.Mapper.Sc.Razor.CastleWindsor.symbols.nuspec = Powershell\BuildScripts\Glass.Mapper.Sc.Razor.CastleWindsor.symbols.nuspec
		Powershell\BuildScripts\Glass.Mapper.Sitecore-Upgrade.nuspec = Powershell\BuildScripts\Glass.Mapper.Sitecore-Upgrade.nuspec
		Powershell\BuildScripts\Glass.Mapper.Sitecore-Upgrade.symbols.nuspec = Powershell\BuildScripts\Glass.Mapper.Sitecore-Upgrade.symbols.nuspec
		Powershell\BuildScripts\Glass.Mapper.Sitecore.CastleWindsor.nuspec = Powershell\BuildScripts\Glass.Mapper.Sitecore.CastleWindsor.nuspec
		Powershell\BuildScripts\Glass.Mapper.Sitecore.CastleWindsor.symbols.nuspec = Powershell\BuildScripts\Glass.Mapper.Sitecore.CastleWindsor.symbols.nuspec
		Powershell\BuildScripts\Glass.Mapper.Sitecore.nuspec = Powershell\BuildScripts\Glass.Mapper.Sitecore.nuspec
		Powershell\BuildScripts\Glass.Mapper.Sitecore.Razor.nuspec = Powershell\BuildScripts\Glass.Mapper.Sitecore.Razor.nuspec
		Powershell\BuildScripts\Glass.Mapper.Sitecore.Razor.symbols.nuspec = Powershell\BuildScripts\Glass.Mapper.Sitecore.Razor.symbols.nuspec
		Powershell\BuildScripts\Glass.Mapper.Sitecore.symbols.nuspec = Powershell\BuildScripts\Glass.Mapper.Sitecore.symbols.nuspec
		Powershell\BuildScripts\Glass.Mapper.symbols.nuspec = Powershell\BuildScripts\Glass.Mapper.symbols.nuspec
		Powershell\BuildScripts\NuGet.exe = Powershell\BuildScripts\NuGet.exe
		Powershell\BuildScripts\utilities.ps1 = Powershell\BuildScripts\utilities.ps1
	EndProjectSection
EndProject
Project("{FAE04EC0-301F-11D3-BF4B-00C04F79EFBC}") = "Glass.Mapper.Sc.Mvc", "Source\Glass.Mapper.Sc.Mvc\Glass.Mapper.Sc.Mvc.csproj", "{F872CEFA-8F7B-4703-ADAB-49B8081B8EBE}"
EndProject
Project("{FAE04EC0-301F-11D3-BF4B-00C04F79EFBC}") = "Glass.Mapper.Sc.ContentSearch", "Source\Glass.Mapper.Sc.ContentSearch\Glass.Mapper.Sc.ContentSearch.csproj", "{CE1CC8D6-60CC-4DCA-9B6C-0256778D107A}"
EndProject
Project("{FAE04EC0-301F-11D3-BF4B-00C04F79EFBC}") = "Glass.Mapper.Sc.ContentSearch.LuceneProvider", "Source\Glass.Mapper.Sc.ContentSearch.LuceneProvider\Glass.Mapper.Sc.ContentSearch.LuceneProvider.csproj", "{43C186EB-F6ED-4ADE-941E-EC465B976646}"
EndProject
Project("{2150E333-8FDC-42A3-9474-1A3956D46DE8}") = ".nuget", ".nuget", "{2261B12A-74B3-467F-A36D-EF96C69F9332}"
	ProjectSection(SolutionItems) = preProject
		.nuget\packages.config = .nuget\packages.config
	EndProjectSection
EndProject
Project("{FAE04EC0-301F-11D3-BF4B-00C04F79EFBC}") = "Glass.Mapper.Sc70.ContentSearch.LuceneProvider", "Source\Glass.Mapper.Sc70.ContentSearch.LuceneProvider\Glass.Mapper.Sc70.ContentSearch.LuceneProvider.csproj", "{27966B6A-0809-4855-B9D9-7BE6F3B7DFE3}"
EndProject
Project("{FAE04EC0-301F-11D3-BF4B-00C04F79EFBC}") = "Glass.Mapper.Sc.ContentSearch.AzureSearchProvider", "Source\Glass.Mapper.Sc.ContentSearch.AzureSearchProvider\Glass.Mapper.Sc.ContentSearch.AzureSearchProvider.csproj", "{9052ADDC-AB9D-4B90-8C5E-2145FA3279C1}"
EndProject
Global
	GlobalSection(SolutionConfigurationPlatforms) = preSolution
		CI|Any CPU = CI|Any CPU
		Debug|Any CPU = Debug|Any CPU
		Net45|Any CPU = Net45|Any CPU
		Release|Any CPU = Release|Any CPU
		Sc70|Any CPU = Sc70|Any CPU
		Sc71|Any CPU = Sc71|Any CPU
		Sc72|Any CPU = Sc72|Any CPU
		Sc75|Any CPU = Sc75|Any CPU
		Sc80|Any CPU = Sc80|Any CPU
		Sc81|Any CPU = Sc81|Any CPU
		Sc82|Any CPU = Sc82|Any CPU
	EndGlobalSection
	GlobalSection(ProjectConfigurationPlatforms) = postSolution
		{566109ED-A88A-467E-BDDB-BBF7F831A006}.CI|Any CPU.ActiveCfg = Sc70|Any CPU
		{566109ED-A88A-467E-BDDB-BBF7F831A006}.CI|Any CPU.Build.0 = Sc70|Any CPU
		{566109ED-A88A-467E-BDDB-BBF7F831A006}.Debug|Any CPU.ActiveCfg = Debug|Any CPU
		{566109ED-A88A-467E-BDDB-BBF7F831A006}.Debug|Any CPU.Build.0 = Debug|Any CPU
		{566109ED-A88A-467E-BDDB-BBF7F831A006}.Net45|Any CPU.ActiveCfg = Sc70|Any CPU
		{566109ED-A88A-467E-BDDB-BBF7F831A006}.Net45|Any CPU.Build.0 = Sc70|Any CPU
		{566109ED-A88A-467E-BDDB-BBF7F831A006}.Release|Any CPU.ActiveCfg = Release|Any CPU
		{566109ED-A88A-467E-BDDB-BBF7F831A006}.Release|Any CPU.Build.0 = Release|Any CPU
		{566109ED-A88A-467E-BDDB-BBF7F831A006}.Sc70|Any CPU.ActiveCfg = Sc70|Any CPU
		{566109ED-A88A-467E-BDDB-BBF7F831A006}.Sc70|Any CPU.Build.0 = Sc70|Any CPU
		{566109ED-A88A-467E-BDDB-BBF7F831A006}.Sc71|Any CPU.ActiveCfg = Sc71|Any CPU
		{566109ED-A88A-467E-BDDB-BBF7F831A006}.Sc71|Any CPU.Build.0 = Sc71|Any CPU
		{566109ED-A88A-467E-BDDB-BBF7F831A006}.Sc72|Any CPU.ActiveCfg = Sc72|Any CPU
		{566109ED-A88A-467E-BDDB-BBF7F831A006}.Sc72|Any CPU.Build.0 = Sc72|Any CPU
		{566109ED-A88A-467E-BDDB-BBF7F831A006}.Sc75|Any CPU.ActiveCfg = Sc75|Any CPU
		{566109ED-A88A-467E-BDDB-BBF7F831A006}.Sc75|Any CPU.Build.0 = Sc75|Any CPU
		{566109ED-A88A-467E-BDDB-BBF7F831A006}.Sc80|Any CPU.ActiveCfg = Sc80|Any CPU
		{566109ED-A88A-467E-BDDB-BBF7F831A006}.Sc80|Any CPU.Build.0 = Sc80|Any CPU
		{566109ED-A88A-467E-BDDB-BBF7F831A006}.Sc81|Any CPU.ActiveCfg = Sc81|Any CPU
		{566109ED-A88A-467E-BDDB-BBF7F831A006}.Sc81|Any CPU.Build.0 = Sc81|Any CPU
		{566109ED-A88A-467E-BDDB-BBF7F831A006}.Sc82|Any CPU.ActiveCfg = Sc82|Any CPU
		{566109ED-A88A-467E-BDDB-BBF7F831A006}.Sc82|Any CPU.Build.0 = Sc82|Any CPU
		{0B8E0B06-46B8-4794-862F-73B391F8B1A1}.CI|Any CPU.ActiveCfg = Sc70|Any CPU
		{0B8E0B06-46B8-4794-862F-73B391F8B1A1}.CI|Any CPU.Build.0 = Sc70|Any CPU
		{0B8E0B06-46B8-4794-862F-73B391F8B1A1}.Debug|Any CPU.ActiveCfg = Debug|Any CPU
		{0B8E0B06-46B8-4794-862F-73B391F8B1A1}.Debug|Any CPU.Build.0 = Debug|Any CPU
		{0B8E0B06-46B8-4794-862F-73B391F8B1A1}.Net45|Any CPU.ActiveCfg = Sc70|Any CPU
		{0B8E0B06-46B8-4794-862F-73B391F8B1A1}.Net45|Any CPU.Build.0 = Sc70|Any CPU
		{0B8E0B06-46B8-4794-862F-73B391F8B1A1}.Release|Any CPU.ActiveCfg = Release|Any CPU
		{0B8E0B06-46B8-4794-862F-73B391F8B1A1}.Release|Any CPU.Build.0 = Release|Any CPU
		{0B8E0B06-46B8-4794-862F-73B391F8B1A1}.Sc70|Any CPU.ActiveCfg = Sc70|Any CPU
		{0B8E0B06-46B8-4794-862F-73B391F8B1A1}.Sc70|Any CPU.Build.0 = Sc70|Any CPU
		{0B8E0B06-46B8-4794-862F-73B391F8B1A1}.Sc71|Any CPU.ActiveCfg = Sc71|Any CPU
		{0B8E0B06-46B8-4794-862F-73B391F8B1A1}.Sc71|Any CPU.Build.0 = Sc71|Any CPU
		{0B8E0B06-46B8-4794-862F-73B391F8B1A1}.Sc72|Any CPU.ActiveCfg = Sc72|Any CPU
		{0B8E0B06-46B8-4794-862F-73B391F8B1A1}.Sc72|Any CPU.Build.0 = Sc72|Any CPU
		{0B8E0B06-46B8-4794-862F-73B391F8B1A1}.Sc75|Any CPU.ActiveCfg = Sc75|Any CPU
		{0B8E0B06-46B8-4794-862F-73B391F8B1A1}.Sc75|Any CPU.Build.0 = Sc75|Any CPU
		{0B8E0B06-46B8-4794-862F-73B391F8B1A1}.Sc80|Any CPU.ActiveCfg = Sc80|Any CPU
		{0B8E0B06-46B8-4794-862F-73B391F8B1A1}.Sc80|Any CPU.Build.0 = Sc80|Any CPU
		{0B8E0B06-46B8-4794-862F-73B391F8B1A1}.Sc81|Any CPU.ActiveCfg = Sc81|Any CPU
		{0B8E0B06-46B8-4794-862F-73B391F8B1A1}.Sc81|Any CPU.Build.0 = Sc81|Any CPU
		{0B8E0B06-46B8-4794-862F-73B391F8B1A1}.Sc82|Any CPU.ActiveCfg = Sc82|Any CPU
		{0B8E0B06-46B8-4794-862F-73B391F8B1A1}.Sc82|Any CPU.Build.0 = Sc82|Any CPU
		{F872CEFA-8F7B-4703-ADAB-49B8081B8EBE}.CI|Any CPU.ActiveCfg = Release|Any CPU
		{F872CEFA-8F7B-4703-ADAB-49B8081B8EBE}.CI|Any CPU.Build.0 = Release|Any CPU
		{F872CEFA-8F7B-4703-ADAB-49B8081B8EBE}.Debug|Any CPU.ActiveCfg = Debug|Any CPU
		{F872CEFA-8F7B-4703-ADAB-49B8081B8EBE}.Debug|Any CPU.Build.0 = Debug|Any CPU
		{F872CEFA-8F7B-4703-ADAB-49B8081B8EBE}.Net45|Any CPU.ActiveCfg = Sc70|Any CPU
		{F872CEFA-8F7B-4703-ADAB-49B8081B8EBE}.Net45|Any CPU.Build.0 = Sc70|Any CPU
		{F872CEFA-8F7B-4703-ADAB-49B8081B8EBE}.Release|Any CPU.ActiveCfg = Release|Any CPU
		{F872CEFA-8F7B-4703-ADAB-49B8081B8EBE}.Release|Any CPU.Build.0 = Release|Any CPU
		{F872CEFA-8F7B-4703-ADAB-49B8081B8EBE}.Sc70|Any CPU.ActiveCfg = Sc70|Any CPU
		{F872CEFA-8F7B-4703-ADAB-49B8081B8EBE}.Sc70|Any CPU.Build.0 = Sc70|Any CPU
		{F872CEFA-8F7B-4703-ADAB-49B8081B8EBE}.Sc71|Any CPU.ActiveCfg = Sc71|Any CPU
		{F872CEFA-8F7B-4703-ADAB-49B8081B8EBE}.Sc71|Any CPU.Build.0 = Sc71|Any CPU
		{F872CEFA-8F7B-4703-ADAB-49B8081B8EBE}.Sc72|Any CPU.ActiveCfg = Sc72|Any CPU
		{F872CEFA-8F7B-4703-ADAB-49B8081B8EBE}.Sc72|Any CPU.Build.0 = Sc72|Any CPU
		{F872CEFA-8F7B-4703-ADAB-49B8081B8EBE}.Sc75|Any CPU.ActiveCfg = Sc75|Any CPU
		{F872CEFA-8F7B-4703-ADAB-49B8081B8EBE}.Sc75|Any CPU.Build.0 = Sc75|Any CPU
		{F872CEFA-8F7B-4703-ADAB-49B8081B8EBE}.Sc80|Any CPU.ActiveCfg = Sc80|Any CPU
		{F872CEFA-8F7B-4703-ADAB-49B8081B8EBE}.Sc80|Any CPU.Build.0 = Sc80|Any CPU
		{F872CEFA-8F7B-4703-ADAB-49B8081B8EBE}.Sc81|Any CPU.ActiveCfg = Sc81|Any CPU
		{F872CEFA-8F7B-4703-ADAB-49B8081B8EBE}.Sc81|Any CPU.Build.0 = Sc81|Any CPU
		{F872CEFA-8F7B-4703-ADAB-49B8081B8EBE}.Sc82|Any CPU.ActiveCfg = Sc82|Any CPU
		{F872CEFA-8F7B-4703-ADAB-49B8081B8EBE}.Sc82|Any CPU.Build.0 = Sc82|Any CPU
		{CE1CC8D6-60CC-4DCA-9B6C-0256778D107A}.CI|Any CPU.ActiveCfg = Sc70|Any CPU
		{CE1CC8D6-60CC-4DCA-9B6C-0256778D107A}.CI|Any CPU.Build.0 = Sc70|Any CPU
		{CE1CC8D6-60CC-4DCA-9B6C-0256778D107A}.Debug|Any CPU.ActiveCfg = Debug|Any CPU
		{CE1CC8D6-60CC-4DCA-9B6C-0256778D107A}.Debug|Any CPU.Build.0 = Debug|Any CPU
		{CE1CC8D6-60CC-4DCA-9B6C-0256778D107A}.Net45|Any CPU.ActiveCfg = Sc70|Any CPU
		{CE1CC8D6-60CC-4DCA-9B6C-0256778D107A}.Net45|Any CPU.Build.0 = Sc70|Any CPU
		{CE1CC8D6-60CC-4DCA-9B6C-0256778D107A}.Release|Any CPU.ActiveCfg = Release|Any CPU
		{CE1CC8D6-60CC-4DCA-9B6C-0256778D107A}.Release|Any CPU.Build.0 = Release|Any CPU
		{CE1CC8D6-60CC-4DCA-9B6C-0256778D107A}.Sc70|Any CPU.ActiveCfg = Sc70|Any CPU
		{CE1CC8D6-60CC-4DCA-9B6C-0256778D107A}.Sc70|Any CPU.Build.0 = Sc70|Any CPU
		{CE1CC8D6-60CC-4DCA-9B6C-0256778D107A}.Sc71|Any CPU.ActiveCfg = Sc71|Any CPU
		{CE1CC8D6-60CC-4DCA-9B6C-0256778D107A}.Sc71|Any CPU.Build.0 = Sc71|Any CPU
		{CE1CC8D6-60CC-4DCA-9B6C-0256778D107A}.Sc72|Any CPU.ActiveCfg = Sc72|Any CPU
		{CE1CC8D6-60CC-4DCA-9B6C-0256778D107A}.Sc72|Any CPU.Build.0 = Sc72|Any CPU
		{CE1CC8D6-60CC-4DCA-9B6C-0256778D107A}.Sc75|Any CPU.ActiveCfg = Sc75|Any CPU
		{CE1CC8D6-60CC-4DCA-9B6C-0256778D107A}.Sc75|Any CPU.Build.0 = Sc75|Any CPU
		{CE1CC8D6-60CC-4DCA-9B6C-0256778D107A}.Sc80|Any CPU.ActiveCfg = Sc80|Any CPU
		{CE1CC8D6-60CC-4DCA-9B6C-0256778D107A}.Sc80|Any CPU.Build.0 = Sc80|Any CPU
		{CE1CC8D6-60CC-4DCA-9B6C-0256778D107A}.Sc81|Any CPU.ActiveCfg = Sc81|Any CPU
		{CE1CC8D6-60CC-4DCA-9B6C-0256778D107A}.Sc81|Any CPU.Build.0 = Sc81|Any CPU
		{CE1CC8D6-60CC-4DCA-9B6C-0256778D107A}.Sc82|Any CPU.ActiveCfg = Sc82|Any CPU
		{CE1CC8D6-60CC-4DCA-9B6C-0256778D107A}.Sc82|Any CPU.Build.0 = Sc82|Any CPU
		{43C186EB-F6ED-4ADE-941E-EC465B976646}.CI|Any CPU.ActiveCfg = Sc70|Any CPU
		{43C186EB-F6ED-4ADE-941E-EC465B976646}.CI|Any CPU.Build.0 = Sc70|Any CPU
		{43C186EB-F6ED-4ADE-941E-EC465B976646}.Debug|Any CPU.ActiveCfg = Debug|Any CPU
		{43C186EB-F6ED-4ADE-941E-EC465B976646}.Debug|Any CPU.Build.0 = Debug|Any CPU
		{43C186EB-F6ED-4ADE-941E-EC465B976646}.Net45|Any CPU.ActiveCfg = Sc70|Any CPU
		{43C186EB-F6ED-4ADE-941E-EC465B976646}.Net45|Any CPU.Build.0 = Sc70|Any CPU
		{43C186EB-F6ED-4ADE-941E-EC465B976646}.Release|Any CPU.ActiveCfg = Release|Any CPU
		{43C186EB-F6ED-4ADE-941E-EC465B976646}.Release|Any CPU.Build.0 = Release|Any CPU
		{43C186EB-F6ED-4ADE-941E-EC465B976646}.Sc70|Any CPU.ActiveCfg = Sc70|Any CPU
		{43C186EB-F6ED-4ADE-941E-EC465B976646}.Sc70|Any CPU.Build.0 = Sc70|Any CPU
		{43C186EB-F6ED-4ADE-941E-EC465B976646}.Sc71|Any CPU.ActiveCfg = Sc71|Any CPU
		{43C186EB-F6ED-4ADE-941E-EC465B976646}.Sc71|Any CPU.Build.0 = Sc71|Any CPU
		{43C186EB-F6ED-4ADE-941E-EC465B976646}.Sc72|Any CPU.ActiveCfg = Sc72|Any CPU
		{43C186EB-F6ED-4ADE-941E-EC465B976646}.Sc72|Any CPU.Build.0 = Sc72|Any CPU
		{43C186EB-F6ED-4ADE-941E-EC465B976646}.Sc75|Any CPU.ActiveCfg = Sc75|Any CPU
		{43C186EB-F6ED-4ADE-941E-EC465B976646}.Sc75|Any CPU.Build.0 = Sc75|Any CPU
		{43C186EB-F6ED-4ADE-941E-EC465B976646}.Sc80|Any CPU.ActiveCfg = Sc80|Any CPU
		{43C186EB-F6ED-4ADE-941E-EC465B976646}.Sc80|Any CPU.Build.0 = Sc80|Any CPU
		{43C186EB-F6ED-4ADE-941E-EC465B976646}.Sc81|Any CPU.ActiveCfg = Sc81|Any CPU
		{43C186EB-F6ED-4ADE-941E-EC465B976646}.Sc81|Any CPU.Build.0 = Sc81|Any CPU
		{43C186EB-F6ED-4ADE-941E-EC465B976646}.Sc82|Any CPU.ActiveCfg = Sc82|Any CPU
		{43C186EB-F6ED-4ADE-941E-EC465B976646}.Sc82|Any CPU.Build.0 = Sc82|Any CPU
		{27966B6A-0809-4855-B9D9-7BE6F3B7DFE3}.CI|Any CPU.ActiveCfg = Sc70|Any CPU
		{27966B6A-0809-4855-B9D9-7BE6F3B7DFE3}.CI|Any CPU.Build.0 = Sc70|Any CPU
		{27966B6A-0809-4855-B9D9-7BE6F3B7DFE3}.Debug|Any CPU.ActiveCfg = Debug|Any CPU
		{27966B6A-0809-4855-B9D9-7BE6F3B7DFE3}.Debug|Any CPU.Build.0 = Debug|Any CPU
		{27966B6A-0809-4855-B9D9-7BE6F3B7DFE3}.Net45|Any CPU.ActiveCfg = Sc70|Any CPU
		{27966B6A-0809-4855-B9D9-7BE6F3B7DFE3}.Net45|Any CPU.Build.0 = Sc70|Any CPU
		{27966B6A-0809-4855-B9D9-7BE6F3B7DFE3}.Release|Any CPU.ActiveCfg = Release|Any CPU
		{27966B6A-0809-4855-B9D9-7BE6F3B7DFE3}.Release|Any CPU.Build.0 = Release|Any CPU
		{27966B6A-0809-4855-B9D9-7BE6F3B7DFE3}.Sc70|Any CPU.ActiveCfg = Sc70|Any CPU
		{27966B6A-0809-4855-B9D9-7BE6F3B7DFE3}.Sc70|Any CPU.Build.0 = Sc70|Any CPU
		{27966B6A-0809-4855-B9D9-7BE6F3B7DFE3}.Sc71|Any CPU.ActiveCfg = Sc71|Any CPU
		{27966B6A-0809-4855-B9D9-7BE6F3B7DFE3}.Sc71|Any CPU.Build.0 = Sc71|Any CPU
		{27966B6A-0809-4855-B9D9-7BE6F3B7DFE3}.Sc72|Any CPU.ActiveCfg = Sc72|Any CPU
		{27966B6A-0809-4855-B9D9-7BE6F3B7DFE3}.Sc72|Any CPU.Build.0 = Sc72|Any CPU
		{27966B6A-0809-4855-B9D9-7BE6F3B7DFE3}.Sc75|Any CPU.ActiveCfg = Sc75|Any CPU
		{27966B6A-0809-4855-B9D9-7BE6F3B7DFE3}.Sc75|Any CPU.Build.0 = Sc75|Any CPU
		{27966B6A-0809-4855-B9D9-7BE6F3B7DFE3}.Sc80|Any CPU.ActiveCfg = Sc80|Any CPU
		{27966B6A-0809-4855-B9D9-7BE6F3B7DFE3}.Sc80|Any CPU.Build.0 = Sc80|Any CPU
		{27966B6A-0809-4855-B9D9-7BE6F3B7DFE3}.Sc81|Any CPU.ActiveCfg = Sc81|Any CPU
		{27966B6A-0809-4855-B9D9-7BE6F3B7DFE3}.Sc81|Any CPU.Build.0 = Sc81|Any CPU
		{27966B6A-0809-4855-B9D9-7BE6F3B7DFE3}.Sc82|Any CPU.ActiveCfg = Sc82|Any CPU
		{27966B6A-0809-4855-B9D9-7BE6F3B7DFE3}.Sc82|Any CPU.Build.0 = Sc82|Any CPU
		{9052ADDC-AB9D-4B90-8C5E-2145FA3279C1}.CI|Any CPU.ActiveCfg = Sc70|Any CPU
		{9052ADDC-AB9D-4B90-8C5E-2145FA3279C1}.CI|Any CPU.Build.0 = Sc70|Any CPU
		{9052ADDC-AB9D-4B90-8C5E-2145FA3279C1}.Debug|Any CPU.ActiveCfg = Debug|Any CPU
		{9052ADDC-AB9D-4B90-8C5E-2145FA3279C1}.Debug|Any CPU.Build.0 = Debug|Any CPU
		{9052ADDC-AB9D-4B90-8C5E-2145FA3279C1}.Net45|Any CPU.ActiveCfg = Sc70|Any CPU
		{9052ADDC-AB9D-4B90-8C5E-2145FA3279C1}.Net45|Any CPU.Build.0 = Sc70|Any CPU
		{9052ADDC-AB9D-4B90-8C5E-2145FA3279C1}.Release|Any CPU.ActiveCfg = Release|Any CPU
		{9052ADDC-AB9D-4B90-8C5E-2145FA3279C1}.Release|Any CPU.Build.0 = Release|Any CPU
		{9052ADDC-AB9D-4B90-8C5E-2145FA3279C1}.Sc70|Any CPU.ActiveCfg = Sc70|Any CPU
		{9052ADDC-AB9D-4B90-8C5E-2145FA3279C1}.Sc71|Any CPU.ActiveCfg = Sc71|Any CPU
		{9052ADDC-AB9D-4B90-8C5E-2145FA3279C1}.Sc72|Any CPU.ActiveCfg = Sc72|Any CPU
		{9052ADDC-AB9D-4B90-8C5E-2145FA3279C1}.Sc75|Any CPU.ActiveCfg = Sc75|Any CPU
		{9052ADDC-AB9D-4B90-8C5E-2145FA3279C1}.Sc75|Any CPU.Build.0 = Sc75|Any CPU
		{9052ADDC-AB9D-4B90-8C5E-2145FA3279C1}.Sc80|Any CPU.ActiveCfg = Sc80|Any CPU
		{9052ADDC-AB9D-4B90-8C5E-2145FA3279C1}.Sc81|Any CPU.ActiveCfg = Sc81|Any CPU
		{9052ADDC-AB9D-4B90-8C5E-2145FA3279C1}.Sc82|Any CPU.ActiveCfg = Sc82|Any CPU
		{9052ADDC-AB9D-4B90-8C5E-2145FA3279C1}.Sc82|Any CPU.Build.0 = Sc82|Any CPU
	EndGlobalSection
	GlobalSection(SolutionProperties) = preSolution
		HideSolutionNode = FALSE
	EndGlobalSection
	GlobalSection(NestedProjects) = preSolution
		{566109ED-A88A-467E-BDDB-BBF7F831A006} = {169BE730-8C91-4A4D-BB74-46E2FA4ADAC6}
		{0B8E0B06-46B8-4794-862F-73B391F8B1A1} = {169BE730-8C91-4A4D-BB74-46E2FA4ADAC6}
		{47FF9E2D-AB07-494C-8B87-CBA26C7EC451} = {733749DF-44C8-484B-B5FB-6EDF785BAB83}
		{F872CEFA-8F7B-4703-ADAB-49B8081B8EBE} = {169BE730-8C91-4A4D-BB74-46E2FA4ADAC6}
		{CE1CC8D6-60CC-4DCA-9B6C-0256778D107A} = {169BE730-8C91-4A4D-BB74-46E2FA4ADAC6}
		{43C186EB-F6ED-4ADE-941E-EC465B976646} = {169BE730-8C91-4A4D-BB74-46E2FA4ADAC6}
		{27966B6A-0809-4855-B9D9-7BE6F3B7DFE3} = {169BE730-8C91-4A4D-BB74-46E2FA4ADAC6}
		{9052ADDC-AB9D-4B90-8C5E-2145FA3279C1} = {169BE730-8C91-4A4D-BB74-46E2FA4ADAC6}
	EndGlobalSection
EndGlobal
