
Microsoft Visual Studio Solution File, Format Version 12.00
# Visual Studio 14
VisualStudioVersion = 14.0.24720.0
MinimumVisualStudioVersion = 10.0.40219.1
Project("{CAA73BB0-EF22-4D79-A57E-DF67B3BA9C80}") = "Glass.Mapper.Sc.Razor.Tds", "Source\Glass.Mapper.Sc.Razor.Tds\Glass.Mapper.Sc.Razor.Tds.scproj", "{A1C14499-379C-4DBB-AD8F-9DE9D28381A7}"
EndProject
Project("{CAA73BB0-EF22-4D79-A57E-DF67B3BA9C80}") = "Glass.Mapper.Sc.Integration.Tds", "Tests\Integration Tests\Sitecore\Glass.Mapper.Sc.Integration.Tds\Glass.Mapper.Sc.Integration.Tds.scproj", "{FEE6B0E9-B4A4-404C-9236-4396B2261C17}"
EndProject
Global
	GlobalSection(SolutionConfigurationPlatforms) = preSolution
		CI|Any CPU = CI|Any CPU
		Debug|Any CPU = Debug|Any CPU
		Net45|Any CPU = Net45|Any CPU
		Release|Any CPU = Release|Any CPU
		Sc72|Any CPU = Sc72|Any CPU
		Sc75|Any CPU = Sc75|Any CPU
		Sc80|Any CPU = Sc80|Any CPU
	EndGlobalSection
	GlobalSection(ProjectConfigurationPlatforms) = postSolution
		{A1C14499-379C-4DBB-AD8F-9DE9D28381A7}.CI|Any CPU.ActiveCfg = Sc80|Any CPU
		{A1C14499-379C-4DBB-AD8F-9DE9D28381A7}.CI|Any CPU.Build.0 = Sc80|Any CPU
		{A1C14499-379C-4DBB-AD8F-9DE9D28381A7}.CI|Any CPU.Deploy.0 = Sc80|Any CPU
		{A1C14499-379C-4DBB-AD8F-9DE9D28381A7}.Debug|Any CPU.ActiveCfg = Debug|Any CPU
		{A1C14499-379C-4DBB-AD8F-9DE9D28381A7}.Debug|Any CPU.Build.0 = Debug|Any CPU
		{A1C14499-379C-4DBB-AD8F-9DE9D28381A7}.Debug|Any CPU.Deploy.0 = Debug|Any CPU
		{A1C14499-379C-4DBB-AD8F-9DE9D28381A7}.Net45|Any CPU.ActiveCfg = Net45|Any CPU
		{A1C14499-379C-4DBB-AD8F-9DE9D28381A7}.Net45|Any CPU.Build.0 = Net45|Any CPU
		{A1C14499-379C-4DBB-AD8F-9DE9D28381A7}.Net45|Any CPU.Deploy.0 = Net45|Any CPU
		{A1C14499-379C-4DBB-AD8F-9DE9D28381A7}.Release|Any CPU.ActiveCfg = Release|Any CPU
		{A1C14499-379C-4DBB-AD8F-9DE9D28381A7}.Release|Any CPU.Build.0 = Release|Any CPU
		{A1C14499-379C-4DBB-AD8F-9DE9D28381A7}.Release|Any CPU.Deploy.0 = Release|Any CPU
		{A1C14499-379C-4DBB-AD8F-9DE9D28381A7}.Sc72|Any CPU.ActiveCfg = Sc72|Any CPU
		{A1C14499-379C-4DBB-AD8F-9DE9D28381A7}.Sc72|Any CPU.Build.0 = Sc72|Any CPU
		{A1C14499-379C-4DBB-AD8F-9DE9D28381A7}.Sc72|Any CPU.Deploy.0 = Sc72|Any CPU
		{A1C14499-379C-4DBB-AD8F-9DE9D28381A7}.Sc75|Any CPU.ActiveCfg = Sc75|Any CPU
		{A1C14499-379C-4DBB-AD8F-9DE9D28381A7}.Sc75|Any CPU.Build.0 = Sc75|Any CPU
		{A1C14499-379C-4DBB-AD8F-9DE9D28381A7}.Sc75|Any CPU.Deploy.0 = Sc75|Any CPU
		{A1C14499-379C-4DBB-AD8F-9DE9D28381A7}.Sc80|Any CPU.ActiveCfg = Sc80|Any CPU
		{A1C14499-379C-4DBB-AD8F-9DE9D28381A7}.Sc80|Any CPU.Build.0 = Sc80|Any CPU
		{A1C14499-379C-4DBB-AD8F-9DE9D28381A7}.Sc80|Any CPU.Deploy.0 = Sc80|Any CPU
		{FEE6B0E9-B4A4-404C-9236-4396B2261C17}.CI|Any CPU.ActiveCfg = CI|Any CPU
		{FEE6B0E9-B4A4-404C-9236-4396B2261C17}.CI|Any CPU.Build.0 = CI|Any CPU
		{FEE6B0E9-B4A4-404C-9236-4396B2261C17}.CI|Any CPU.Deploy.0 = CI|Any CPU
		{FEE6B0E9-B4A4-404C-9236-4396B2261C17}.Debug|Any CPU.ActiveCfg = Debug|Any CPU
		{FEE6B0E9-B4A4-404C-9236-4396B2261C17}.Debug|Any CPU.Build.0 = Debug|Any CPU
		{FEE6B0E9-B4A4-404C-9236-4396B2261C17}.Debug|Any CPU.Deploy.0 = Debug|Any CPU
		{FEE6B0E9-B4A4-404C-9236-4396B2261C17}.Net45|Any CPU.ActiveCfg = Net45|Any CPU
		{FEE6B0E9-B4A4-404C-9236-4396B2261C17}.Net45|Any CPU.Build.0 = Net45|Any CPU
		{FEE6B0E9-B4A4-404C-9236-4396B2261C17}.Net45|Any CPU.Deploy.0 = Net45|Any CPU
		{FEE6B0E9-B4A4-404C-9236-4396B2261C17}.Release|Any CPU.ActiveCfg = Release|Any CPU
		{FEE6B0E9-B4A4-404C-9236-4396B2261C17}.Release|Any CPU.Build.0 = Release|Any CPU
		{FEE6B0E9-B4A4-404C-9236-4396B2261C17}.Release|Any CPU.Deploy.0 = Release|Any CPU
		{FEE6B0E9-B4A4-404C-9236-4396B2261C17}.Sc72|Any CPU.ActiveCfg = Sc72|Any CPU
		{FEE6B0E9-B4A4-404C-9236-4396B2261C17}.Sc72|Any CPU.Build.0 = Sc72|Any CPU
		{FEE6B0E9-B4A4-404C-9236-4396B2261C17}.Sc72|Any CPU.Deploy.0 = Sc72|Any CPU
		{FEE6B0E9-B4A4-404C-9236-4396B2261C17}.Sc75|Any CPU.ActiveCfg = Sc75|Any CPU
		{FEE6B0E9-B4A4-404C-9236-4396B2261C17}.Sc75|Any CPU.Build.0 = Sc75|Any CPU
		{FEE6B0E9-B4A4-404C-9236-4396B2261C17}.Sc75|Any CPU.Deploy.0 = Sc75|Any CPU
		{FEE6B0E9-B4A4-404C-9236-4396B2261C17}.Sc80|Any CPU.ActiveCfg = Sc80|Any CPU
		{FEE6B0E9-B4A4-404C-9236-4396B2261C17}.Sc80|Any CPU.Build.0 = Sc80|Any CPU
		{FEE6B0E9-B4A4-404C-9236-4396B2261C17}.Sc80|Any CPU.Deploy.0 = Sc80|Any CPU
	EndGlobalSection
	GlobalSection(SolutionProperties) = preSolution
		HideSolutionNode = FALSE
	EndGlobalSection
EndGlobal
﻿
Microsoft Visual Studio Solution File, Format Version 12.00
# Visual Studio 14
VisualStudioVersion = 14.0.25123.0
MinimumVisualStudioVersion = 10.0.40219.1
Project("{CAA73BB0-EF22-4D79-A57E-DF67B3BA9C80}") = "Glass.Mapper.Sc.Integration.Tds", "Tests\Integration Tests\Sitecore\Glass.Mapper.Sc.Integration.Tds\Glass.Mapper.Sc.Integration.Tds.scproj", "{FEE6B0E9-B4A4-404C-9236-4396B2261C17}"
EndProject
Global
	GlobalSection(SolutionConfigurationPlatforms) = preSolution
		CI|Any CPU = CI|Any CPU
		Debug|Any CPU = Debug|Any CPU
		Net45|Any CPU = Net45|Any CPU
		Release|Any CPU = Release|Any CPU
		Sc72|Any CPU = Sc72|Any CPU
		Sc75|Any CPU = Sc75|Any CPU
		Sc80|Any CPU = Sc80|Any CPU
	EndGlobalSection
	GlobalSection(ProjectConfigurationPlatforms) = postSolution
		{FEE6B0E9-B4A4-404C-9236-4396B2261C17}.CI|Any CPU.ActiveCfg = CI|Any CPU
		{FEE6B0E9-B4A4-404C-9236-4396B2261C17}.CI|Any CPU.Build.0 = CI|Any CPU
		{FEE6B0E9-B4A4-404C-9236-4396B2261C17}.CI|Any CPU.Deploy.0 = CI|Any CPU
		{FEE6B0E9-B4A4-404C-9236-4396B2261C17}.Debug|Any CPU.ActiveCfg = Debug|Any CPU
		{FEE6B0E9-B4A4-404C-9236-4396B2261C17}.Debug|Any CPU.Build.0 = Debug|Any CPU
		{FEE6B0E9-B4A4-404C-9236-4396B2261C17}.Debug|Any CPU.Deploy.0 = Debug|Any CPU
		{FEE6B0E9-B4A4-404C-9236-4396B2261C17}.Net45|Any CPU.ActiveCfg = Net45|Any CPU
		{FEE6B0E9-B4A4-404C-9236-4396B2261C17}.Net45|Any CPU.Build.0 = Net45|Any CPU
		{FEE6B0E9-B4A4-404C-9236-4396B2261C17}.Net45|Any CPU.Deploy.0 = Net45|Any CPU
		{FEE6B0E9-B4A4-404C-9236-4396B2261C17}.Release|Any CPU.ActiveCfg = Release|Any CPU
		{FEE6B0E9-B4A4-404C-9236-4396B2261C17}.Release|Any CPU.Build.0 = Release|Any CPU
		{FEE6B0E9-B4A4-404C-9236-4396B2261C17}.Release|Any CPU.Deploy.0 = Release|Any CPU
		{FEE6B0E9-B4A4-404C-9236-4396B2261C17}.Sc72|Any CPU.ActiveCfg = Sc72|Any CPU
		{FEE6B0E9-B4A4-404C-9236-4396B2261C17}.Sc72|Any CPU.Build.0 = Sc72|Any CPU
		{FEE6B0E9-B4A4-404C-9236-4396B2261C17}.Sc72|Any CPU.Deploy.0 = Sc72|Any CPU
		{FEE6B0E9-B4A4-404C-9236-4396B2261C17}.Sc75|Any CPU.ActiveCfg = Sc75|Any CPU
		{FEE6B0E9-B4A4-404C-9236-4396B2261C17}.Sc75|Any CPU.Build.0 = Sc75|Any CPU
		{FEE6B0E9-B4A4-404C-9236-4396B2261C17}.Sc75|Any CPU.Deploy.0 = Sc75|Any CPU
		{FEE6B0E9-B4A4-404C-9236-4396B2261C17}.Sc80|Any CPU.ActiveCfg = Sc80|Any CPU
		{FEE6B0E9-B4A4-404C-9236-4396B2261C17}.Sc80|Any CPU.Build.0 = Sc80|Any CPU
		{FEE6B0E9-B4A4-404C-9236-4396B2261C17}.Sc80|Any CPU.Deploy.0 = Sc80|Any CPU
	EndGlobalSection
	GlobalSection(SolutionProperties) = preSolution
		HideSolutionNode = FALSE
	EndGlobalSection
EndGlobal
