
Microsoft Visual Studio Solution File, Format Version 12.00
# Visual Studio 2013
VisualStudioVersion = 12.0.30501.0
MinimumVisualStudioVersion = 10.0.40219.1
Project("{2150E333-8FDC-42A3-9474-1A3956D46DE8}") = "Source", "Source", "{5D6EA9DE-3C8B-4381-82EF-4824DED2BA58}"
EndProject
Project("{2150E333-8FDC-42A3-9474-1A3956D46DE8}") = "Sites", "Sites", "{53D4AA07-205B-47B7-B040-F29F82855772}"
EndProject
Project("{2150E333-8FDC-42A3-9474-1A3956D46DE8}") = "Sitecore", "Sitecore", "{3A907A16-C131-4B03-A819-5962866C875E}"
	ProjectSection(SolutionItems) = preProject
		Sites\Sitecore\Setup.txt = Sites\Sitecore\Setup.txt
	EndProjectSection
EndProject
Project("{FAE04EC0-301F-11D3-BF4B-00C04F79EFBC}") = "Glass.Mapper.Sites.Sc", "Sites\Sitecore\Glass.Mapper.Sites.Sc\Glass.Mapper.Sites.Sc.csproj", "{C6E8F5C7-7D3C-4492-B38B-707A885B7D27}"
EndProject
Project("{CAA73BB0-EF22-4D79-A57E-DF67B3BA9C80}") = "Glass.Mapper.Sites.Sc.Tds", "Sites\Sitecore\Glass.Mapper.Sites.Sc.Tds\Glass.Mapper.Sites.Sc.Tds.scproj", "{90D86CFB-1744-4D9D-A294-A5B64618DC50}"
EndProject
Project("{2150E333-8FDC-42A3-9474-1A3956D46DE8}") = "Tests", "Tests", "{AE1024DD-D8C9-4068-B183-6DB114888D39}"
EndProject
Project("{2150E333-8FDC-42A3-9474-1A3956D46DE8}") = "Integration Tests", "Integration Tests", "{D213393F-AC22-4424-A982-1B66D09AB9B5}"
EndProject
Project("{2150E333-8FDC-42A3-9474-1A3956D46DE8}") = "Sitecore", "Sitecore", "{CD5D2D4B-47EF-47D6-B863-F3C9BD98EB8E}"
EndProject
Project("{FAE04EC0-301F-11D3-BF4B-00C04F79EFBC}") = "Glass.Mapper.Sc.Integration", "Tests\Integration Tests\Sitecore\Glass.Mapper.Sc.Integration\Glass.Mapper.Sc.Integration.csproj", "{ED059096-C6AC-42AA-B0B2-74104E1AF861}"
EndProject
Project("{CAA73BB0-EF22-4D79-A57E-DF67B3BA9C80}") = "Glass.Mapper.Sc.Integration.Tds", "Tests\Integration Tests\Sitecore\Glass.Mapper.Sc.Integration.Tds\Glass.Mapper.Sc.Integration.Tds.scproj", "{FEE6B0E9-B4A4-404C-9236-4396B2261C17}"
EndProject
Project("{FAE04EC0-301F-11D3-BF4B-00C04F79EFBC}") = "Glass.Mapper", "Source\Glass.Mapper\Glass.Mapper.csproj", "{566109ED-A88A-467E-BDDB-BBF7F831A006}"
EndProject
Project("{FAE04EC0-301F-11D3-BF4B-00C04F79EFBC}") = "Glass.Mapper.Sc", "Source\Glass.Mapper.Sc\Glass.Mapper.Sc.csproj", "{0B8E0B06-46B8-4794-862F-73B391F8B1A1}"
EndProject
Project("{FAE04EC0-301F-11D3-BF4B-00C04F79EFBC}") = "Glass.Mapper.Sc.Upgrade", "Source\Glass.Mapper.Sc.Upgrade\Glass.Mapper.Sc.Upgrade.csproj", "{AFC35AE3-307B-43BC-A9B8-9BCFB4EA3CCF}"
EndProject
Project("{FAE04EC0-301F-11D3-BF4B-00C04F79EFBC}") = "Glass.Mapper.Sc.Website", "Source\Glass.Mapper.Sc.Website\Glass.Mapper.Sc.Website.csproj", "{93420975-6370-4E1F-BC3C-9F9B4EEECEB1}"
EndProject
Project("{2150E333-8FDC-42A3-9474-1A3956D46DE8}") = "Unit Tests", "Unit Tests", "{B3AD5A1C-51FC-4D1A-9C3F-80C79B173B77}"
EndProject
Project("{FAE04EC0-301F-11D3-BF4B-00C04F79EFBC}") = "Glass.Mapper.Tests", "Tests\Unit Tests\Glass.Mapper.Tests\Glass.Mapper.Tests.csproj", "{728CF1A7-0F06-4464-B434-33A982D97C82}"
EndProject
Project("{FAE04EC0-301F-11D3-BF4B-00C04F79EFBC}") = "Glass.Mapper.Sc.Tests", "Tests\Unit Tests\Glass.Mapper.Sc.Tests\Glass.Mapper.Sc.Tests.csproj", "{38DB0F01-9232-45BE-BC14-8DEDB738D538}"
EndProject
Project("{FAE04EC0-301F-11D3-BF4B-00C04F79EFBC}") = "Glass.Mapper.Sc.CastleWindsor", "Source\Glass.Mapper.Sc.CastleWindsor\Glass.Mapper.Sc.CastleWindsor.csproj", "{54A63D42-1614-4B8F-9DF5-8F1D2998DB9D}"
EndProject
Project("{FAE04EC0-301F-11D3-BF4B-00C04F79EFBC}") = "Glass.Mapper.Sc.Razor", "Source\Glass.Mapper.Sc.Razor\Glass.Mapper.Sc.Razor.csproj", "{717C4ADB-B71A-4DFF-BEC5-AFD343776194}"
EndProject
Project("{FAE04EC0-301F-11D3-BF4B-00C04F79EFBC}") = "Glass.Mapper.Sc.Razor.CastleWindsor", "Source\Glass.Mapper.Sc.Razor.CastleWindsor\Glass.Mapper.Sc.Razor.CastleWindsor.csproj", "{468D2D00-F5F6-41C2-A67E-D16AA3F2E4C3}"
EndProject
Project("{FAE04EC0-301F-11D3-BF4B-00C04F79EFBC}") = "Glass.Mapper.Sc.ContentSearch", "Source\Glass.Mapper.Sc.ContentSearch\Glass.Mapper.Sc.ContentSearch.csproj", "{CE1CC8D6-60CC-4DCA-9B6C-0256778D107A}"
EndProject
Project("{FAE04EC0-301F-11D3-BF4B-00C04F79EFBC}") = "Glass.Mapper.Sc.ContentSearch.LuceneProvider", "Source\Glass.Mapper.Sc.ContentSearch.LuceneProvider\Glass.Mapper.Sc.ContentSearch.LuceneProvider.csproj", "{43C186EB-F6ED-4ADE-941E-EC465B976646}"
EndProject
Project("{2150E333-8FDC-42A3-9474-1A3956D46DE8}") = ".nuget", ".nuget", "{7114935A-2075-4485-88CF-0FC324A5E58D}"
	ProjectSection(SolutionItems) = preProject
		.nuget\packages.config = .nuget\packages.config
	EndProjectSection
EndProject
Project("{FAE04EC0-301F-11D3-BF4B-00C04F79EFBC}") = "Glass.Mapper.Sc.Mvc", "Source\Glass.Mapper.Sc.Mvc\Glass.Mapper.Sc.Mvc.csproj", "{F872CEFA-8F7B-4703-ADAB-49B8081B8EBE}"
EndProject
Global
	GlobalSection(SolutionConfigurationPlatforms) = preSolution
		CI|Any CPU = CI|Any CPU
		Debug|Any CPU = Debug|Any CPU
		Net45|Any CPU = Net45|Any CPU
		Release|Any CPU = Release|Any CPU
	EndGlobalSection
	GlobalSection(ProjectConfigurationPlatforms) = postSolution
		{C6E8F5C7-7D3C-4492-B38B-707A885B7D27}.CI|Any CPU.ActiveCfg = Release|Any CPU
		{C6E8F5C7-7D3C-4492-B38B-707A885B7D27}.Debug|Any CPU.ActiveCfg = Debug|Any CPU
		{C6E8F5C7-7D3C-4492-B38B-707A885B7D27}.Debug|Any CPU.Build.0 = Debug|Any CPU
		{C6E8F5C7-7D3C-4492-B38B-707A885B7D27}.Net45|Any CPU.ActiveCfg = Release|Any CPU
		{C6E8F5C7-7D3C-4492-B38B-707A885B7D27}.Release|Any CPU.ActiveCfg = Release|Any CPU
		{C6E8F5C7-7D3C-4492-B38B-707A885B7D27}.Release|Any CPU.Build.0 = Release|Any CPU
		{90D86CFB-1744-4D9D-A294-A5B64618DC50}.CI|Any CPU.ActiveCfg = Release|Any CPU
		{90D86CFB-1744-4D9D-A294-A5B64618DC50}.Debug|Any CPU.ActiveCfg = Debug|Any CPU
		{90D86CFB-1744-4D9D-A294-A5B64618DC50}.Debug|Any CPU.Build.0 = Debug|Any CPU
		{90D86CFB-1744-4D9D-A294-A5B64618DC50}.Debug|Any CPU.Deploy.0 = Debug|Any CPU
		{90D86CFB-1744-4D9D-A294-A5B64618DC50}.Net45|Any CPU.ActiveCfg = Release|Any CPU
		{90D86CFB-1744-4D9D-A294-A5B64618DC50}.Release|Any CPU.ActiveCfg = Release|Any CPU
		{90D86CFB-1744-4D9D-A294-A5B64618DC50}.Release|Any CPU.Build.0 = Release|Any CPU
		{90D86CFB-1744-4D9D-A294-A5B64618DC50}.Release|Any CPU.Deploy.0 = Release|Any CPU
		{ED059096-C6AC-42AA-B0B2-74104E1AF861}.CI|Any CPU.ActiveCfg = CI|Any CPU
		{ED059096-C6AC-42AA-B0B2-74104E1AF861}.CI|Any CPU.Build.0 = CI|Any CPU
		{ED059096-C6AC-42AA-B0B2-74104E1AF861}.Debug|Any CPU.ActiveCfg = Debug|Any CPU
		{ED059096-C6AC-42AA-B0B2-74104E1AF861}.Debug|Any CPU.Build.0 = Debug|Any CPU
		{ED059096-C6AC-42AA-B0B2-74104E1AF861}.Net45|Any CPU.ActiveCfg = Net45|Any CPU
		{ED059096-C6AC-42AA-B0B2-74104E1AF861}.Net45|Any CPU.Build.0 = Net45|Any CPU
		{ED059096-C6AC-42AA-B0B2-74104E1AF861}.Release|Any CPU.ActiveCfg = Release|Any CPU
		{ED059096-C6AC-42AA-B0B2-74104E1AF861}.Release|Any CPU.Build.0 = Release|Any CPU
		{FEE6B0E9-B4A4-404C-9236-4396B2261C17}.CI|Any CPU.ActiveCfg = Release|Any CPU
		{FEE6B0E9-B4A4-404C-9236-4396B2261C17}.Debug|Any CPU.ActiveCfg = Debug|Any CPU
		{FEE6B0E9-B4A4-404C-9236-4396B2261C17}.Debug|Any CPU.Build.0 = Debug|Any CPU
		{FEE6B0E9-B4A4-404C-9236-4396B2261C17}.Debug|Any CPU.Deploy.0 = Debug|Any CPU
		{FEE6B0E9-B4A4-404C-9236-4396B2261C17}.Net45|Any CPU.ActiveCfg = Release|Any CPU
		{FEE6B0E9-B4A4-404C-9236-4396B2261C17}.Release|Any CPU.ActiveCfg = Release|Any CPU
		{FEE6B0E9-B4A4-404C-9236-4396B2261C17}.Release|Any CPU.Build.0 = Release|Any CPU
		{FEE6B0E9-B4A4-404C-9236-4396B2261C17}.Release|Any CPU.Deploy.0 = Release|Any CPU
		{566109ED-A88A-467E-BDDB-BBF7F831A006}.CI|Any CPU.ActiveCfg = CI|Any CPU
		{566109ED-A88A-467E-BDDB-BBF7F831A006}.CI|Any CPU.Build.0 = CI|Any CPU
		{566109ED-A88A-467E-BDDB-BBF7F831A006}.Debug|Any CPU.ActiveCfg = Debug|Any CPU
		{566109ED-A88A-467E-BDDB-BBF7F831A006}.Debug|Any CPU.Build.0 = Debug|Any CPU
		{566109ED-A88A-467E-BDDB-BBF7F831A006}.Net45|Any CPU.ActiveCfg = Net45|Any CPU
		{566109ED-A88A-467E-BDDB-BBF7F831A006}.Net45|Any CPU.Build.0 = Net45|Any CPU
		{566109ED-A88A-467E-BDDB-BBF7F831A006}.Release|Any CPU.ActiveCfg = Release|Any CPU
		{566109ED-A88A-467E-BDDB-BBF7F831A006}.Release|Any CPU.Build.0 = Release|Any CPU
		{0B8E0B06-46B8-4794-862F-73B391F8B1A1}.CI|Any CPU.ActiveCfg = CI|Any CPU
		{0B8E0B06-46B8-4794-862F-73B391F8B1A1}.CI|Any CPU.Build.0 = CI|Any CPU
		{0B8E0B06-46B8-4794-862F-73B391F8B1A1}.Debug|Any CPU.ActiveCfg = Debug|Any CPU
		{0B8E0B06-46B8-4794-862F-73B391F8B1A1}.Debug|Any CPU.Build.0 = Debug|Any CPU
		{0B8E0B06-46B8-4794-862F-73B391F8B1A1}.Net45|Any CPU.ActiveCfg = Net45|Any CPU
		{0B8E0B06-46B8-4794-862F-73B391F8B1A1}.Net45|Any CPU.Build.0 = Net45|Any CPU
		{0B8E0B06-46B8-4794-862F-73B391F8B1A1}.Release|Any CPU.ActiveCfg = Release|Any CPU
		{0B8E0B06-46B8-4794-862F-73B391F8B1A1}.Release|Any CPU.Build.0 = Release|Any CPU
		{AFC35AE3-307B-43BC-A9B8-9BCFB4EA3CCF}.CI|Any CPU.ActiveCfg = CI|Any CPU
		{AFC35AE3-307B-43BC-A9B8-9BCFB4EA3CCF}.CI|Any CPU.Build.0 = CI|Any CPU
		{AFC35AE3-307B-43BC-A9B8-9BCFB4EA3CCF}.Debug|Any CPU.ActiveCfg = Debug|Any CPU
		{AFC35AE3-307B-43BC-A9B8-9BCFB4EA3CCF}.Debug|Any CPU.Build.0 = Debug|Any CPU
		{AFC35AE3-307B-43BC-A9B8-9BCFB4EA3CCF}.Net45|Any CPU.ActiveCfg = Net45|Any CPU
		{AFC35AE3-307B-43BC-A9B8-9BCFB4EA3CCF}.Net45|Any CPU.Build.0 = Net45|Any CPU
		{AFC35AE3-307B-43BC-A9B8-9BCFB4EA3CCF}.Release|Any CPU.ActiveCfg = Release|Any CPU
		{AFC35AE3-307B-43BC-A9B8-9BCFB4EA3CCF}.Release|Any CPU.Build.0 = Release|Any CPU
		{93420975-6370-4E1F-BC3C-9F9B4EEECEB1}.CI|Any CPU.ActiveCfg = CI|Any CPU
		{93420975-6370-4E1F-BC3C-9F9B4EEECEB1}.CI|Any CPU.Build.0 = CI|Any CPU
		{93420975-6370-4E1F-BC3C-9F9B4EEECEB1}.Debug|Any CPU.ActiveCfg = Debug|Any CPU
		{93420975-6370-4E1F-BC3C-9F9B4EEECEB1}.Debug|Any CPU.Build.0 = Debug|Any CPU
		{93420975-6370-4E1F-BC3C-9F9B4EEECEB1}.Net45|Any CPU.ActiveCfg = Net45|Any CPU
		{93420975-6370-4E1F-BC3C-9F9B4EEECEB1}.Net45|Any CPU.Build.0 = Net45|Any CPU
		{93420975-6370-4E1F-BC3C-9F9B4EEECEB1}.Release|Any CPU.ActiveCfg = Release|Any CPU
		{93420975-6370-4E1F-BC3C-9F9B4EEECEB1}.Release|Any CPU.Build.0 = Release|Any CPU
		{728CF1A7-0F06-4464-B434-33A982D97C82}.CI|Any CPU.ActiveCfg = CI|Any CPU
		{728CF1A7-0F06-4464-B434-33A982D97C82}.CI|Any CPU.Build.0 = CI|Any CPU
		{728CF1A7-0F06-4464-B434-33A982D97C82}.Debug|Any CPU.ActiveCfg = Debug|Any CPU
		{728CF1A7-0F06-4464-B434-33A982D97C82}.Debug|Any CPU.Build.0 = Debug|Any CPU
		{728CF1A7-0F06-4464-B434-33A982D97C82}.Net45|Any CPU.ActiveCfg = Net45|Any CPU
		{728CF1A7-0F06-4464-B434-33A982D97C82}.Net45|Any CPU.Build.0 = Net45|Any CPU
		{728CF1A7-0F06-4464-B434-33A982D97C82}.Release|Any CPU.ActiveCfg = Release|Any CPU
		{728CF1A7-0F06-4464-B434-33A982D97C82}.Release|Any CPU.Build.0 = Release|Any CPU
		{38DB0F01-9232-45BE-BC14-8DEDB738D538}.CI|Any CPU.ActiveCfg = CI|Any CPU
		{38DB0F01-9232-45BE-BC14-8DEDB738D538}.CI|Any CPU.Build.0 = CI|Any CPU
		{38DB0F01-9232-45BE-BC14-8DEDB738D538}.Debug|Any CPU.ActiveCfg = Debug|Any CPU
		{38DB0F01-9232-45BE-BC14-8DEDB738D538}.Debug|Any CPU.Build.0 = Debug|Any CPU
		{38DB0F01-9232-45BE-BC14-8DEDB738D538}.Net45|Any CPU.ActiveCfg = Net45|Any CPU
		{38DB0F01-9232-45BE-BC14-8DEDB738D538}.Net45|Any CPU.Build.0 = Net45|Any CPU
		{38DB0F01-9232-45BE-BC14-8DEDB738D538}.Release|Any CPU.ActiveCfg = Release|Any CPU
		{38DB0F01-9232-45BE-BC14-8DEDB738D538}.Release|Any CPU.Build.0 = Release|Any CPU
		{54A63D42-1614-4B8F-9DF5-8F1D2998DB9D}.CI|Any CPU.ActiveCfg = CI|Any CPU
		{54A63D42-1614-4B8F-9DF5-8F1D2998DB9D}.CI|Any CPU.Build.0 = CI|Any CPU
		{54A63D42-1614-4B8F-9DF5-8F1D2998DB9D}.Debug|Any CPU.ActiveCfg = Debug|Any CPU
		{54A63D42-1614-4B8F-9DF5-8F1D2998DB9D}.Debug|Any CPU.Build.0 = Debug|Any CPU
		{54A63D42-1614-4B8F-9DF5-8F1D2998DB9D}.Net45|Any CPU.ActiveCfg = Net45|Any CPU
		{54A63D42-1614-4B8F-9DF5-8F1D2998DB9D}.Net45|Any CPU.Build.0 = Net45|Any CPU
		{54A63D42-1614-4B8F-9DF5-8F1D2998DB9D}.Release|Any CPU.ActiveCfg = Release|Any CPU
		{54A63D42-1614-4B8F-9DF5-8F1D2998DB9D}.Release|Any CPU.Build.0 = Release|Any CPU
		{717C4ADB-B71A-4DFF-BEC5-AFD343776194}.CI|Any CPU.ActiveCfg = CI|Any CPU
		{717C4ADB-B71A-4DFF-BEC5-AFD343776194}.CI|Any CPU.Build.0 = CI|Any CPU
		{717C4ADB-B71A-4DFF-BEC5-AFD343776194}.Debug|Any CPU.ActiveCfg = Debug|Any CPU
		{717C4ADB-B71A-4DFF-BEC5-AFD343776194}.Debug|Any CPU.Build.0 = Debug|Any CPU
		{717C4ADB-B71A-4DFF-BEC5-AFD343776194}.Net45|Any CPU.ActiveCfg = Net45|Any CPU
		{717C4ADB-B71A-4DFF-BEC5-AFD343776194}.Net45|Any CPU.Build.0 = Net45|Any CPU
		{717C4ADB-B71A-4DFF-BEC5-AFD343776194}.Release|Any CPU.ActiveCfg = Release|Any CPU
		{717C4ADB-B71A-4DFF-BEC5-AFD343776194}.Release|Any CPU.Build.0 = Release|Any CPU
		{468D2D00-F5F6-41C2-A67E-D16AA3F2E4C3}.CI|Any CPU.ActiveCfg = CI|Any CPU
		{468D2D00-F5F6-41C2-A67E-D16AA3F2E4C3}.CI|Any CPU.Build.0 = CI|Any CPU
		{468D2D00-F5F6-41C2-A67E-D16AA3F2E4C3}.Debug|Any CPU.ActiveCfg = Debug|Any CPU
		{468D2D00-F5F6-41C2-A67E-D16AA3F2E4C3}.Debug|Any CPU.Build.0 = Debug|Any CPU
		{468D2D00-F5F6-41C2-A67E-D16AA3F2E4C3}.Net45|Any CPU.ActiveCfg = Net45|Any CPU
		{468D2D00-F5F6-41C2-A67E-D16AA3F2E4C3}.Net45|Any CPU.Build.0 = Net45|Any CPU
		{468D2D00-F5F6-41C2-A67E-D16AA3F2E4C3}.Release|Any CPU.ActiveCfg = Release|Any CPU
		{468D2D00-F5F6-41C2-A67E-D16AA3F2E4C3}.Release|Any CPU.Build.0 = Release|Any CPU
		{CE1CC8D6-60CC-4DCA-9B6C-0256778D107A}.CI|Any CPU.ActiveCfg = Release|Any CPU
		{CE1CC8D6-60CC-4DCA-9B6C-0256778D107A}.CI|Any CPU.Build.0 = Release|Any CPU
		{CE1CC8D6-60CC-4DCA-9B6C-0256778D107A}.Debug|Any CPU.ActiveCfg = Debug|Any CPU
		{CE1CC8D6-60CC-4DCA-9B6C-0256778D107A}.Debug|Any CPU.Build.0 = Debug|Any CPU
		{CE1CC8D6-60CC-4DCA-9B6C-0256778D107A}.Net45|Any CPU.ActiveCfg = Release|Any CPU
		{CE1CC8D6-60CC-4DCA-9B6C-0256778D107A}.Net45|Any CPU.Build.0 = Release|Any CPU
		{CE1CC8D6-60CC-4DCA-9B6C-0256778D107A}.Release|Any CPU.ActiveCfg = Release|Any CPU
		{CE1CC8D6-60CC-4DCA-9B6C-0256778D107A}.Release|Any CPU.Build.0 = Release|Any CPU
		{43C186EB-F6ED-4ADE-941E-EC465B976646}.CI|Any CPU.ActiveCfg = Release|Any CPU
		{43C186EB-F6ED-4ADE-941E-EC465B976646}.CI|Any CPU.Build.0 = Release|Any CPU
		{43C186EB-F6ED-4ADE-941E-EC465B976646}.Debug|Any CPU.ActiveCfg = Debug|Any CPU
		{43C186EB-F6ED-4ADE-941E-EC465B976646}.Debug|Any CPU.Build.0 = Debug|Any CPU
		{43C186EB-F6ED-4ADE-941E-EC465B976646}.Net45|Any CPU.ActiveCfg = Release|Any CPU
		{43C186EB-F6ED-4ADE-941E-EC465B976646}.Net45|Any CPU.Build.0 = Release|Any CPU
		{43C186EB-F6ED-4ADE-941E-EC465B976646}.Release|Any CPU.ActiveCfg = Release|Any CPU
		{43C186EB-F6ED-4ADE-941E-EC465B976646}.Release|Any CPU.Build.0 = Release|Any CPU
		{F872CEFA-8F7B-4703-ADAB-49B8081B8EBE}.CI|Any CPU.ActiveCfg = Release|Any CPU
		{F872CEFA-8F7B-4703-ADAB-49B8081B8EBE}.CI|Any CPU.Build.0 = Release|Any CPU
		{F872CEFA-8F7B-4703-ADAB-49B8081B8EBE}.Debug|Any CPU.ActiveCfg = Debug|Any CPU
		{F872CEFA-8F7B-4703-ADAB-49B8081B8EBE}.Debug|Any CPU.Build.0 = Debug|Any CPU
		{F872CEFA-8F7B-4703-ADAB-49B8081B8EBE}.Net45|Any CPU.ActiveCfg = Net45|Any CPU
		{F872CEFA-8F7B-4703-ADAB-49B8081B8EBE}.Net45|Any CPU.Build.0 = Net45|Any CPU
		{F872CEFA-8F7B-4703-ADAB-49B8081B8EBE}.Release|Any CPU.ActiveCfg = Release|Any CPU
		{F872CEFA-8F7B-4703-ADAB-49B8081B8EBE}.Release|Any CPU.Build.0 = Release|Any CPU
	EndGlobalSection
	GlobalSection(SolutionProperties) = preSolution
		HideSolutionNode = FALSE
	EndGlobalSection
	GlobalSection(NestedProjects) = preSolution
		{3A907A16-C131-4B03-A819-5962866C875E} = {53D4AA07-205B-47B7-B040-F29F82855772}
		{C6E8F5C7-7D3C-4492-B38B-707A885B7D27} = {3A907A16-C131-4B03-A819-5962866C875E}
		{90D86CFB-1744-4D9D-A294-A5B64618DC50} = {3A907A16-C131-4B03-A819-5962866C875E}
		{D213393F-AC22-4424-A982-1B66D09AB9B5} = {AE1024DD-D8C9-4068-B183-6DB114888D39}
		{CD5D2D4B-47EF-47D6-B863-F3C9BD98EB8E} = {D213393F-AC22-4424-A982-1B66D09AB9B5}
		{ED059096-C6AC-42AA-B0B2-74104E1AF861} = {CD5D2D4B-47EF-47D6-B863-F3C9BD98EB8E}
		{FEE6B0E9-B4A4-404C-9236-4396B2261C17} = {CD5D2D4B-47EF-47D6-B863-F3C9BD98EB8E}
		{566109ED-A88A-467E-BDDB-BBF7F831A006} = {5D6EA9DE-3C8B-4381-82EF-4824DED2BA58}
		{0B8E0B06-46B8-4794-862F-73B391F8B1A1} = {5D6EA9DE-3C8B-4381-82EF-4824DED2BA58}
		{AFC35AE3-307B-43BC-A9B8-9BCFB4EA3CCF} = {5D6EA9DE-3C8B-4381-82EF-4824DED2BA58}
		{93420975-6370-4E1F-BC3C-9F9B4EEECEB1} = {5D6EA9DE-3C8B-4381-82EF-4824DED2BA58}
		{B3AD5A1C-51FC-4D1A-9C3F-80C79B173B77} = {AE1024DD-D8C9-4068-B183-6DB114888D39}
		{728CF1A7-0F06-4464-B434-33A982D97C82} = {B3AD5A1C-51FC-4D1A-9C3F-80C79B173B77}
		{38DB0F01-9232-45BE-BC14-8DEDB738D538} = {B3AD5A1C-51FC-4D1A-9C3F-80C79B173B77}
		{54A63D42-1614-4B8F-9DF5-8F1D2998DB9D} = {5D6EA9DE-3C8B-4381-82EF-4824DED2BA58}
		{717C4ADB-B71A-4DFF-BEC5-AFD343776194} = {5D6EA9DE-3C8B-4381-82EF-4824DED2BA58}
		{468D2D00-F5F6-41C2-A67E-D16AA3F2E4C3} = {5D6EA9DE-3C8B-4381-82EF-4824DED2BA58}
		{CE1CC8D6-60CC-4DCA-9B6C-0256778D107A} = {5D6EA9DE-3C8B-4381-82EF-4824DED2BA58}
		{43C186EB-F6ED-4ADE-941E-EC465B976646} = {5D6EA9DE-3C8B-4381-82EF-4824DED2BA58}
		{F872CEFA-8F7B-4703-ADAB-49B8081B8EBE} = {5D6EA9DE-3C8B-4381-82EF-4824DED2BA58}
	EndGlobalSection
EndGlobal
